{
  "version": 4,
  "terraform_version": "1.1.7",
  "serial": 243,
  "lineage": "4682bac4-60eb-3ab7-c693-1b1d6ed04103",
  "outputs": {},
  "resources": [
    {
      "mode": "data",
      "type": "aws_route53_zone",
      "name": "pub",
      "provider": "provider[\"registry.terraform.io/hashicorp/aws\"]",
      "instances": [
        {
          "schema_version": 0,
          "attributes": {
            "arn": "arn:aws:route53:::hostedzone/Z028875716POQWW9TZ8ZA",
            "caller_reference": "RISWorkflow-RD:36c7c42c-6385-4be9-b772-e6f879858338",
            "comment": "HostedZone created by Route53 Registrar",
            "id": "Z028875716POQWW9TZ8ZA",
            "linked_service_description": null,
            "linked_service_principal": null,
            "name": "avxlab.de",
            "name_servers": [
              "ns-1566.awsdns-03.co.uk",
              "ns-1327.awsdns-37.org",
              "ns-139.awsdns-17.com",
              "ns-655.awsdns-17.net"
            ],
            "private_zone": false,
            "resource_record_set_count": 34,
            "tags": {},
            "vpc_id": null,
            "zone_id": "Z028875716POQWW9TZ8ZA"
          },
          "sensitive_attributes": []
        }
      ]
    },
    {
      "mode": "managed",
      "type": "aws_route53_record",
      "name": "aws1",
      "provider": "provider[\"registry.terraform.io/hashicorp/aws\"]",
      "instances": [
        {
          "schema_version": 2,
          "attributes": {
            "alias": [],
            "allow_overwrite": null,
            "failover_routing_policy": [],
            "fqdn": "aws1.avxlab.de",
            "geolocation_routing_policy": [],
            "health_check_id": "",
            "id": "Z028875716POQWW9TZ8ZA_aws1.avxlab.de_A",
            "latency_routing_policy": [],
            "multivalue_answer_routing_policy": null,
            "name": "aws1.avxlab.de",
            "records": [
              "52.28.101.104"
            ],
            "set_identifier": "",
            "ttl": 1,
            "type": "A",
            "weighted_routing_policy": [],
            "zone_id": "Z028875716POQWW9TZ8ZA"
          },
          "sensitive_attributes": [],
          "private": "eyJzY2hlbWFfdmVyc2lvbiI6IjIifQ==",
          "dependencies": [
            "data.aws_route53_zone.pub",
            "module.aws1.aws_instance.instance",
            "module.aws1.aws_key_pair.key",
            "module.aws1.aws_security_group.sg",
            "module.aws1.data.aws_ami.ubuntu",
            "module.spoke1.aviatrix_vpc.default"
          ]
        }
      ]
    },
    {
      "mode": "managed",
      "type": "aws_route53_record",
      "name": "aws2",
      "provider": "provider[\"registry.terraform.io/hashicorp/aws\"]",
      "instances": [
        {
          "schema_version": 2,
          "attributes": {
            "alias": [],
            "allow_overwrite": null,
            "failover_routing_policy": [],
            "fqdn": "aws2.avxlab.de",
            "geolocation_routing_policy": [],
            "health_check_id": "",
            "id": "Z028875716POQWW9TZ8ZA_aws2.avxlab.de_A",
            "latency_routing_policy": [],
            "multivalue_answer_routing_policy": null,
            "name": "aws2.avxlab.de",
            "records": [
              "18.197.145.143"
            ],
            "set_identifier": "",
            "ttl": 1,
            "type": "A",
            "weighted_routing_policy": [],
            "zone_id": "Z028875716POQWW9TZ8ZA"
          },
          "sensitive_attributes": [],
          "private": "eyJzY2hlbWFfdmVyc2lvbiI6IjIifQ==",
          "dependencies": [
            "data.aws_route53_zone.pub",
            "module.aws2.aws_instance.instance",
            "module.aws2.aws_key_pair.key",
            "module.aws2.aws_security_group.sg",
            "module.aws2.data.aws_ami.ubuntu",
            "module.spoke1.aviatrix_vpc.default"
          ]
        }
      ]
    },
    {
      "mode": "managed",
      "type": "aws_route53_record",
      "name": "azure1",
      "provider": "provider[\"registry.terraform.io/hashicorp/aws\"]",
      "instances": [
        {
          "schema_version": 2,
          "attributes": {
            "alias": [],
            "allow_overwrite": null,
            "failover_routing_policy": [],
            "fqdn": "azure1.avxlab.de",
            "geolocation_routing_policy": [],
            "health_check_id": "",
            "id": "Z028875716POQWW9TZ8ZA_azure1.avxlab.de_A",
            "latency_routing_policy": [],
            "multivalue_answer_routing_policy": null,
            "name": "azure1.avxlab.de",
            "records": [
              "20.16.153.7"
            ],
            "set_identifier": "",
            "ttl": 1,
            "type": "A",
            "weighted_routing_policy": [],
            "zone_id": "Z028875716POQWW9TZ8ZA"
          },
          "sensitive_attributes": [],
          "private": "eyJzY2hlbWFfdmVyc2lvbiI6IjIifQ==",
          "dependencies": [
            "data.aws_route53_zone.pub",
            "module.azure1.azurerm_public_ip.default",
            "module.azure_spoke1.aviatrix_vpc.default"
          ]
        }
      ]
    },
    {
      "mode": "managed",
      "type": "aws_route53_record",
      "name": "azure2",
      "provider": "provider[\"registry.terraform.io/hashicorp/aws\"]",
      "instances": [
        {
          "schema_version": 2,
          "attributes": {
            "alias": [],
            "allow_overwrite": null,
            "failover_routing_policy": [],
            "fqdn": "azure2.avxlab.de",
            "geolocation_routing_policy": [],
            "health_check_id": "",
            "id": "Z028875716POQWW9TZ8ZA_azure2.avxlab.de_A",
            "latency_routing_policy": [],
            "multivalue_answer_routing_policy": null,
            "name": "azure2.avxlab.de",
            "records": [
              "20.16.153.14"
            ],
            "set_identifier": "",
            "ttl": 1,
            "type": "A",
            "weighted_routing_policy": [],
            "zone_id": "Z028875716POQWW9TZ8ZA"
          },
          "sensitive_attributes": [],
          "private": "eyJzY2hlbWFfdmVyc2lvbiI6IjIifQ==",
          "dependencies": [
            "data.aws_route53_zone.pub",
            "module.azure2.azurerm_public_ip.default",
            "module.azure_spoke1.aviatrix_vpc.default"
          ]
        }
      ]
    },
    {
      "mode": "managed",
      "type": "aws_route53_record",
      "name": "gcp1",
      "provider": "provider[\"registry.terraform.io/hashicorp/aws\"]",
      "instances": [
        {
          "schema_version": 2,
          "attributes": {
            "alias": [],
            "allow_overwrite": null,
            "failover_routing_policy": [],
            "fqdn": "gcp1.avxlab.de",
            "geolocation_routing_policy": [],
            "health_check_id": "",
            "id": "Z028875716POQWW9TZ8ZA_gcp1.avxlab.de_A",
            "latency_routing_policy": [],
            "multivalue_answer_routing_policy": null,
            "name": "gcp1.avxlab.de",
            "records": [
              "34.159.217.224"
            ],
            "set_identifier": "",
            "ttl": 1,
            "type": "A",
            "weighted_routing_policy": [],
            "zone_id": "Z028875716POQWW9TZ8ZA"
          },
          "sensitive_attributes": [],
          "private": "eyJzY2hlbWFfdmVyc2lvbiI6IjIifQ==",
          "dependencies": [
            "data.aws_route53_zone.pub",
            "module.gcp1.google_compute_address.default",
            "module.gcp1.google_compute_instance.instance",
            "module.gcp_spoke1.aviatrix_vpc.default"
          ]
        }
      ]
    },
    {
      "mode": "managed",
      "type": "aws_route53_record",
      "name": "gcp2",
      "provider": "provider[\"registry.terraform.io/hashicorp/aws\"]",
      "instances": [
        {
          "schema_version": 2,
          "attributes": {
            "alias": [],
            "allow_overwrite": null,
            "failover_routing_policy": [],
            "fqdn": "gcp2.avxlab.de",
            "geolocation_routing_policy": [],
            "health_check_id": "",
            "id": "Z028875716POQWW9TZ8ZA_gcp2.avxlab.de_A",
            "latency_routing_policy": [],
            "multivalue_answer_routing_policy": null,
            "name": "gcp2.avxlab.de",
            "records": [
              "34.159.128.33"
            ],
            "set_identifier": "",
            "ttl": 1,
            "type": "A",
            "weighted_routing_policy": [],
            "zone_id": "Z028875716POQWW9TZ8ZA"
          },
          "sensitive_attributes": [],
          "private": "eyJzY2hlbWFfdmVyc2lvbiI6IjIifQ==",
          "dependencies": [
            "data.aws_route53_zone.pub",
            "module.gcp2.google_compute_address.default",
            "module.gcp2.google_compute_instance.instance",
            "module.gcp_spoke1.aviatrix_vpc.default"
          ]
        }
      ]
    },
    {
      "mode": "managed",
      "type": "aws_route53_record",
      "name": "int1",
      "provider": "provider[\"registry.terraform.io/hashicorp/aws\"]",
      "instances": [
        {
          "schema_version": 2,
          "attributes": {
            "alias": [],
            "allow_overwrite": null,
            "failover_routing_policy": [],
            "fqdn": "int1.avxlab.de",
            "geolocation_routing_policy": [],
            "health_check_id": "",
            "id": "Z028875716POQWW9TZ8ZA_int1.avxlab.de_A",
            "latency_routing_policy": [],
            "multivalue_answer_routing_policy": null,
            "name": "int1.avxlab.de",
            "records": [
              "10.0.2.43"
            ],
            "set_identifier": "",
            "ttl": 1,
            "type": "A",
            "weighted_routing_policy": [],
            "zone_id": "Z028875716POQWW9TZ8ZA"
          },
          "sensitive_attributes": [],
          "private": "eyJzY2hlbWFfdmVyc2lvbiI6IjIifQ==",
          "dependencies": [
            "data.aws_route53_zone.pub",
            "module.aws1.aws_instance.instance",
            "module.aws1.aws_key_pair.key",
            "module.aws1.aws_security_group.sg",
            "module.aws1.data.aws_ami.ubuntu",
            "module.spoke1.aviatrix_vpc.default"
          ]
        }
      ]
    },
    {
      "mode": "managed",
      "type": "aws_route53_record",
      "name": "int2",
      "provider": "provider[\"registry.terraform.io/hashicorp/aws\"]",
      "instances": [
        {
          "schema_version": 2,
          "attributes": {
            "alias": [],
            "allow_overwrite": null,
            "failover_routing_policy": [],
            "fqdn": "int2.avxlab.de",
            "geolocation_routing_policy": [],
            "health_check_id": "",
            "id": "Z028875716POQWW9TZ8ZA_int2.avxlab.de_A",
            "latency_routing_policy": [],
            "multivalue_answer_routing_policy": null,
            "name": "int2.avxlab.de",
            "records": [
              "10.0.2.54"
            ],
            "set_identifier": "",
            "ttl": 1,
            "type": "A",
            "weighted_routing_policy": [],
            "zone_id": "Z028875716POQWW9TZ8ZA"
          },
          "sensitive_attributes": [],
          "private": "eyJzY2hlbWFfdmVyc2lvbiI6IjIifQ==",
          "dependencies": [
            "data.aws_route53_zone.pub",
            "module.aws2.aws_instance.instance",
            "module.aws2.aws_key_pair.key",
            "module.aws2.aws_security_group.sg",
            "module.aws2.data.aws_ami.ubuntu",
            "module.spoke1.aviatrix_vpc.default"
          ]
        }
      ]
    },
    {
      "mode": "managed",
      "type": "aws_route53_record",
      "name": "int3",
      "provider": "provider[\"registry.terraform.io/hashicorp/aws\"]",
      "instances": [
        {
          "schema_version": 2,
          "attributes": {
            "alias": [],
            "allow_overwrite": null,
            "failover_routing_policy": [],
            "fqdn": "int3.avxlab.de",
            "geolocation_routing_policy": [],
            "health_check_id": "",
            "id": "Z028875716POQWW9TZ8ZA_int3.avxlab.de_A",
            "latency_routing_policy": [],
            "multivalue_answer_routing_policy": null,
            "name": "int3.avxlab.de",
            "records": [
              "10.50.2.3"
            ],
            "set_identifier": "",
            "ttl": 1,
            "type": "A",
            "weighted_routing_policy": [],
            "zone_id": "Z028875716POQWW9TZ8ZA"
          },
          "sensitive_attributes": [],
          "private": "eyJzY2hlbWFfdmVyc2lvbiI6IjIifQ==",
          "dependencies": [
            "data.aws_route53_zone.pub",
            "module.gcp1.google_compute_address.default",
            "module.gcp1.google_compute_instance.instance",
            "module.gcp_spoke1.aviatrix_vpc.default"
          ]
        }
      ]
    },
    {
      "mode": "managed",
      "type": "aws_route53_record",
      "name": "int4",
      "provider": "provider[\"registry.terraform.io/hashicorp/aws\"]",
      "instances": [
        {
          "schema_version": 2,
          "attributes": {
            "alias": [],
            "allow_overwrite": null,
            "failover_routing_policy": [],
            "fqdn": "int4.avxlab.de",
            "geolocation_routing_policy": [],
            "health_check_id": "",
            "id": "Z028875716POQWW9TZ8ZA_int4.avxlab.de_A",
            "latency_routing_policy": [],
            "multivalue_answer_routing_policy": null,
            "name": "int4.avxlab.de",
            "records": [
              "10.50.2.2"
            ],
            "set_identifier": "",
            "ttl": 1,
            "type": "A",
            "weighted_routing_policy": [],
            "zone_id": "Z028875716POQWW9TZ8ZA"
          },
          "sensitive_attributes": [],
          "private": "eyJzY2hlbWFfdmVyc2lvbiI6IjIifQ==",
          "dependencies": [
            "data.aws_route53_zone.pub",
            "module.gcp2.google_compute_address.default",
            "module.gcp2.google_compute_instance.instance",
            "module.gcp_spoke1.aviatrix_vpc.default"
          ]
        }
      ]
    },
    {
      "mode": "managed",
      "type": "aws_route53_record",
      "name": "int5",
      "provider": "provider[\"registry.terraform.io/hashicorp/aws\"]",
      "instances": [
        {
          "schema_version": 2,
          "attributes": {
            "alias": [],
            "allow_overwrite": null,
            "failover_routing_policy": [],
            "fqdn": "int5.avxlab.de",
            "geolocation_routing_policy": [],
            "health_check_id": "",
            "id": "Z028875716POQWW9TZ8ZA_int5.avxlab.de_A",
            "latency_routing_policy": [],
            "multivalue_answer_routing_policy": null,
            "name": "int5.avxlab.de",
            "records": [
              "10.100.2.4"
            ],
            "set_identifier": "",
            "ttl": 1,
            "type": "A",
            "weighted_routing_policy": [],
            "zone_id": "Z028875716POQWW9TZ8ZA"
          },
          "sensitive_attributes": [],
          "private": "eyJzY2hlbWFfdmVyc2lvbiI6IjIifQ==",
          "dependencies": [
            "data.aws_route53_zone.pub",
            "module.azure1.azurerm_network_interface.default",
            "module.azure1.azurerm_public_ip.default",
            "module.azure_spoke1.aviatrix_vpc.default"
          ]
        }
      ]
    },
    {
      "mode": "managed",
      "type": "aws_route53_record",
      "name": "int6",
      "provider": "provider[\"registry.terraform.io/hashicorp/aws\"]",
      "instances": [
        {
          "schema_version": 2,
          "attributes": {
            "alias": [],
            "allow_overwrite": null,
            "failover_routing_policy": [],
            "fqdn": "int6.avxlab.de",
            "geolocation_routing_policy": [],
            "health_check_id": "",
            "id": "Z028875716POQWW9TZ8ZA_int6.avxlab.de_A",
            "latency_routing_policy": [],
            "multivalue_answer_routing_policy": null,
            "name": "int6.avxlab.de",
            "records": [
              "10.100.2.20"
            ],
            "set_identifier": "",
            "ttl": 1,
            "type": "A",
            "weighted_routing_policy": [],
            "zone_id": "Z028875716POQWW9TZ8ZA"
          },
          "sensitive_attributes": [],
          "private": "eyJzY2hlbWFfdmVyc2lvbiI6IjIifQ==",
          "dependencies": [
            "data.aws_route53_zone.pub",
            "module.azure2.azurerm_network_interface.default",
            "module.azure2.azurerm_public_ip.default",
            "module.azure_spoke1.aviatrix_vpc.default"
          ]
        }
      ]
    },
    {
      "module": "module.aws1",
      "mode": "data",
      "type": "aws_ami",
      "name": "ubuntu",
      "provider": "provider[\"registry.terraform.io/hashicorp/aws\"]",
      "instances": [
        {
          "schema_version": 0,
          "attributes": {
            "architecture": "x86_64",
            "arn": "arn:aws:ec2:eu-central-1::image/ami-05210ba6bdf75db36",
            "block_device_mappings": [
              {
                "device_name": "/dev/sda1",
                "ebs": {
                  "delete_on_termination": "true",
                  "encrypted": "false",
                  "iops": "0",
                  "snapshot_id": "snap-00e330e2f71c8703d",
                  "throughput": "0",
                  "volume_size": "8",
                  "volume_type": "gp2"
                },
                "no_device": "",
                "virtual_name": ""
              },
              {
                "device_name": "/dev/sdb",
                "ebs": {},
                "no_device": "",
                "virtual_name": "ephemeral0"
              },
              {
                "device_name": "/dev/sdc",
                "ebs": {},
                "no_device": "",
                "virtual_name": "ephemeral1"
              }
            ],
            "boot_mode": "",
            "creation_date": "2022-08-10T12:41:10.000Z",
            "deprecation_time": "2024-08-10T12:41:10.000Z",
            "description": "Canonical, Ubuntu, 20.04 LTS, amd64 focal image build on 2022-08-10",
            "ena_support": true,
            "executable_users": null,
            "filter": [
              {
                "name": "name",
                "values": [
                  "ubuntu/images/hvm-ssd/ubuntu-focal-20.04-amd64-server-*"
                ]
              },
              {
                "name": "virtualization-type",
                "values": [
                  "hvm"
                ]
              }
            ],
            "hypervisor": "xen",
            "id": "ami-05210ba6bdf75db36",
            "image_id": "ami-05210ba6bdf75db36",
            "image_location": "099720109477/ubuntu/images/hvm-ssd/ubuntu-focal-20.04-amd64-server-20220810",
            "image_owner_alias": "",
            "image_type": "machine",
            "include_deprecated": false,
            "kernel_id": "",
            "most_recent": true,
            "name": "ubuntu/images/hvm-ssd/ubuntu-focal-20.04-amd64-server-20220810",
            "name_regex": null,
            "owner_id": "099720109477",
            "owners": [
              "099720109477"
            ],
            "platform": "",
            "platform_details": "Linux/UNIX",
            "product_codes": [],
            "public": true,
            "ramdisk_id": "",
            "root_device_name": "/dev/sda1",
            "root_device_type": "ebs",
            "root_snapshot_id": "snap-00e330e2f71c8703d",
            "sriov_net_support": "simple",
            "state": "available",
            "state_reason": {
              "code": "UNSET",
              "message": "UNSET"
            },
            "tags": {},
            "timeouts": null,
            "tpm_support": "",
            "usage_operation": "RunInstances",
            "virtualization_type": "hvm"
          },
          "sensitive_attributes": []
        }
      ]
    },
    {
      "module": "module.aws1",
      "mode": "managed",
      "type": "aws_instance",
      "name": "instance",
      "provider": "provider[\"registry.terraform.io/hashicorp/aws\"]",
      "instances": [
        {
          "schema_version": 1,
          "attributes": {
            "ami": "ami-05210ba6bdf75db36",
            "arn": "arn:aws:ec2:eu-central-1:594826232704:instance/i-0dea772d96980df32",
            "associate_public_ip_address": true,
            "availability_zone": "eu-central-1a",
            "capacity_reservation_specification": [
              {
                "capacity_reservation_preference": "open",
                "capacity_reservation_target": []
              }
            ],
            "cpu_core_count": 2,
            "cpu_threads_per_core": 2,
            "credit_specification": [],
            "disable_api_stop": false,
            "disable_api_termination": false,
            "ebs_block_device": [],
            "ebs_optimized": false,
            "enclave_options": [
              {
                "enabled": false
              }
            ],
            "ephemeral_block_device": [],
            "get_password_data": false,
            "hibernation": false,
            "host_id": null,
            "iam_instance_profile": "",
            "id": "i-0dea772d96980df32",
            "instance_initiated_shutdown_behavior": "stop",
            "instance_state": "running",
            "instance_type": "c5.xlarge",
            "ipv6_address_count": 0,
            "ipv6_addresses": [],
            "key_name": "aws1-key",
            "launch_template": [],
            "maintenance_options": [
              {
                "auto_recovery": "default"
              }
            ],
            "metadata_options": [
              {
                "http_endpoint": "enabled",
                "http_put_response_hop_limit": 1,
                "http_tokens": "optional",
                "instance_metadata_tags": "disabled"
              }
            ],
            "monitoring": false,
            "network_interface": [],
            "outpost_arn": "",
            "password_data": "",
            "placement_group": "",
            "placement_partition_number": null,
            "primary_network_interface_id": "eni-083e719f89353d657",
            "private_dns": "ip-10-0-2-43.eu-central-1.compute.internal",
            "private_dns_name_options": [
              {
                "enable_resource_name_dns_a_record": false,
                "enable_resource_name_dns_aaaa_record": false,
                "hostname_type": "ip-name"
              }
            ],
            "private_ip": "10.0.2.43",
            "public_dns": "ec2-52-28-101-104.eu-central-1.compute.amazonaws.com",
            "public_ip": "52.28.101.104",
            "root_block_device": [
              {
                "delete_on_termination": true,
                "device_name": "/dev/sda1",
                "encrypted": false,
                "iops": 100,
                "kms_key_id": "",
                "tags": {},
                "throughput": 0,
                "volume_id": "vol-0a666f5b1b27d1e78",
                "volume_size": 8,
                "volume_type": "gp2"
              }
            ],
            "secondary_private_ips": [],
            "security_groups": [],
            "source_dest_check": true,
            "subnet_id": "subnet-0c6fdda547a33e899",
            "tags": {
              "Name": "aws1-srv"
            },
            "tags_all": {
              "Name": "aws1-srv"
            },
            "tenancy": "default",
            "timeouts": null,
            "user_data": "588e59d248ba470d7374aa61f23f375eb88ff514",
            "user_data_base64": null,
            "user_data_replace_on_change": false,
            "volume_tags": null,
            "vpc_security_group_ids": [
              "sg-07e7144fcbd25f6f7"
            ]
          },
          "sensitive_attributes": [],
          "private": "eyJlMmJmYjczMC1lY2FhLTExZTYtOGY4OC0zNDM2M2JjN2M0YzAiOnsiY3JlYXRlIjo2MDAwMDAwMDAwMDAsImRlbGV0ZSI6MTIwMDAwMDAwMDAwMCwidXBkYXRlIjo2MDAwMDAwMDAwMDB9LCJzY2hlbWFfdmVyc2lvbiI6IjEifQ==",
          "dependencies": [
            "module.aws1.aws_key_pair.key",
            "module.aws1.aws_security_group.sg",
            "module.aws1.data.aws_ami.ubuntu",
            "module.spoke1.aviatrix_vpc.default"
          ]
        }
      ]
    },
    {
      "module": "module.aws1",
      "mode": "managed",
      "type": "aws_key_pair",
      "name": "key",
      "provider": "provider[\"registry.terraform.io/hashicorp/aws\"]",
      "instances": [
        {
          "schema_version": 1,
          "attributes": {
            "arn": "arn:aws:ec2:eu-central-1:594826232704:key-pair/aws1-key",
            "fingerprint": "48:2a:9d:5f:d6:1c:a8:e8:72:60:ca:e6:c2:d1:52:e7",
            "id": "aws1-key",
            "key_name": "aws1-key",
            "key_name_prefix": "",
            "key_pair_id": "key-017f98f6183556e74",
            "key_type": "rsa",
            "public_key": "ssh-rsa AAAAB3NzaC1yc2EAAAADAQABAAABAQCnNDeCuEOgJjtFFzWa9fXyKj8mSdCnCVR+iOm40JYSO4/kKEOflq0VvtIcnezv1wa4Ghj3RqEcFd9857qAQfqsn5KgjwuoYG37eTthz9waKSbem6l8hilR4CncagBqMqje8EDuWFdyNPWmgM04nHJ+HRn0UoXzYikSbbQJ082XORREEpZA4Rt7ZHtIncqN5EMBPQ4lflDOR7l0pCTcGObHNPOuWje35ZQqcjryskUkgvEzx+kFxnJ5fG2cwvDkoq8JrCwXhZNmoYNvR6cAtzMo7S/v7THxCxYMgsSUWRzY1+Pi93EB/CIZp5le0gewblrzXpc8DmHd5NPi3ObPwPTh dennis@NUC",
            "tags": {},
            "tags_all": {}
          },
          "sensitive_attributes": [],
          "private": "eyJzY2hlbWFfdmVyc2lvbiI6IjEifQ=="
        }
      ]
    },
    {
      "module": "module.aws1",
      "mode": "managed",
      "type": "aws_security_group",
      "name": "sg",
      "provider": "provider[\"registry.terraform.io/hashicorp/aws\"]",
      "instances": [
        {
          "schema_version": 1,
          "attributes": {
            "arn": "arn:aws:ec2:eu-central-1:594826232704:security-group/sg-07e7144fcbd25f6f7",
            "description": "Managed by Terraform",
            "egress": [
              {
                "cidr_blocks": [
                  "0.0.0.0/0"
                ],
                "description": "",
                "from_port": 0,
                "ipv6_cidr_blocks": [],
                "prefix_list_ids": [],
                "protocol": "-1",
                "security_groups": [],
                "self": false,
                "to_port": 0
              }
            ],
            "id": "sg-07e7144fcbd25f6f7",
            "ingress": [
              {
                "cidr_blocks": [
                  "0.0.0.0/0"
                ],
                "description": "",
                "from_port": -1,
                "ipv6_cidr_blocks": [],
                "prefix_list_ids": [],
                "protocol": "icmp",
                "security_groups": [],
                "self": false,
                "to_port": -1
              },
              {
                "cidr_blocks": [
                  "0.0.0.0/0"
                ],
                "description": "",
                "from_port": 22,
                "ipv6_cidr_blocks": [],
                "prefix_list_ids": [],
                "protocol": "tcp",
                "security_groups": [],
                "self": false,
                "to_port": 22
              },
              {
                "cidr_blocks": [
                  "0.0.0.0/0"
                ],
                "description": "",
                "from_port": 80,
                "ipv6_cidr_blocks": [],
                "prefix_list_ids": [],
                "protocol": "tcp",
                "security_groups": [],
                "self": false,
                "to_port": 80
              },
              {
                "cidr_blocks": [
                  "10.0.0.0/8"
                ],
                "description": "",
                "from_port": 0,
                "ipv6_cidr_blocks": [],
                "prefix_list_ids": [],
                "protocol": "-1",
                "security_groups": [],
                "self": false,
                "to_port": 0
              }
            ],
            "name": "aws1-sg",
            "name_prefix": "",
            "owner_id": "594826232704",
            "revoke_rules_on_delete": false,
            "tags": {},
            "tags_all": {},
            "timeouts": null,
            "vpc_id": "vpc-09fd49149d71578bb"
          },
          "sensitive_attributes": [],
          "private": "eyJlMmJmYjczMC1lY2FhLTExZTYtOGY4OC0zNDM2M2JjN2M0YzAiOnsiY3JlYXRlIjo2MDAwMDAwMDAwMDAsImRlbGV0ZSI6OTAwMDAwMDAwMDAwfSwic2NoZW1hX3ZlcnNpb24iOiIxIn0=",
          "dependencies": [
            "module.spoke1.aviatrix_vpc.default"
          ]
        }
      ]
    },
    {
      "module": "module.aws2",
      "mode": "data",
      "type": "aws_ami",
      "name": "ubuntu",
      "provider": "provider[\"registry.terraform.io/hashicorp/aws\"]",
      "instances": [
        {
          "schema_version": 0,
          "attributes": {
            "architecture": "x86_64",
            "arn": "arn:aws:ec2:eu-central-1::image/ami-05210ba6bdf75db36",
            "block_device_mappings": [
              {
                "device_name": "/dev/sda1",
                "ebs": {
                  "delete_on_termination": "true",
                  "encrypted": "false",
                  "iops": "0",
                  "snapshot_id": "snap-00e330e2f71c8703d",
                  "throughput": "0",
                  "volume_size": "8",
                  "volume_type": "gp2"
                },
                "no_device": "",
                "virtual_name": ""
              },
              {
                "device_name": "/dev/sdb",
                "ebs": {},
                "no_device": "",
                "virtual_name": "ephemeral0"
              },
              {
                "device_name": "/dev/sdc",
                "ebs": {},
                "no_device": "",
                "virtual_name": "ephemeral1"
              }
            ],
            "boot_mode": "",
            "creation_date": "2022-08-10T12:41:10.000Z",
            "deprecation_time": "2024-08-10T12:41:10.000Z",
            "description": "Canonical, Ubuntu, 20.04 LTS, amd64 focal image build on 2022-08-10",
            "ena_support": true,
            "executable_users": null,
            "filter": [
              {
                "name": "name",
                "values": [
                  "ubuntu/images/hvm-ssd/ubuntu-focal-20.04-amd64-server-*"
                ]
              },
              {
                "name": "virtualization-type",
                "values": [
                  "hvm"
                ]
              }
            ],
            "hypervisor": "xen",
            "id": "ami-05210ba6bdf75db36",
            "image_id": "ami-05210ba6bdf75db36",
            "image_location": "099720109477/ubuntu/images/hvm-ssd/ubuntu-focal-20.04-amd64-server-20220810",
            "image_owner_alias": "",
            "image_type": "machine",
            "include_deprecated": false,
            "kernel_id": "",
            "most_recent": true,
            "name": "ubuntu/images/hvm-ssd/ubuntu-focal-20.04-amd64-server-20220810",
            "name_regex": null,
            "owner_id": "099720109477",
            "owners": [
              "099720109477"
            ],
            "platform": "",
            "platform_details": "Linux/UNIX",
            "product_codes": [],
            "public": true,
            "ramdisk_id": "",
            "root_device_name": "/dev/sda1",
            "root_device_type": "ebs",
            "root_snapshot_id": "snap-00e330e2f71c8703d",
            "sriov_net_support": "simple",
            "state": "available",
            "state_reason": {
              "code": "UNSET",
              "message": "UNSET"
            },
            "tags": {},
            "timeouts": null,
            "tpm_support": "",
            "usage_operation": "RunInstances",
            "virtualization_type": "hvm"
          },
          "sensitive_attributes": []
        }
      ]
    },
    {
      "module": "module.aws2",
      "mode": "managed",
      "type": "aws_instance",
      "name": "instance",
      "provider": "provider[\"registry.terraform.io/hashicorp/aws\"]",
      "instances": [
        {
          "schema_version": 1,
          "attributes": {
            "ami": "ami-05210ba6bdf75db36",
            "arn": "arn:aws:ec2:eu-central-1:594826232704:instance/i-095881756263643d3",
            "associate_public_ip_address": true,
            "availability_zone": "eu-central-1b",
            "capacity_reservation_specification": [
              {
                "capacity_reservation_preference": "open",
                "capacity_reservation_target": []
              }
            ],
            "cpu_core_count": 2,
            "cpu_threads_per_core": 2,
            "credit_specification": [],
            "disable_api_stop": false,
            "disable_api_termination": false,
            "ebs_block_device": [],
            "ebs_optimized": false,
            "enclave_options": [
              {
                "enabled": false
              }
            ],
            "ephemeral_block_device": [],
            "get_password_data": false,
            "hibernation": false,
            "host_id": null,
            "iam_instance_profile": "",
            "id": "i-095881756263643d3",
            "instance_initiated_shutdown_behavior": "stop",
            "instance_state": "running",
            "instance_type": "c5.xlarge",
            "ipv6_address_count": 0,
            "ipv6_addresses": [],
            "key_name": "aws2-key",
            "launch_template": [],
            "maintenance_options": [
              {
                "auto_recovery": "default"
              }
            ],
            "metadata_options": [
              {
                "http_endpoint": "enabled",
                "http_put_response_hop_limit": 1,
                "http_tokens": "optional",
                "instance_metadata_tags": "disabled"
              }
            ],
            "monitoring": false,
            "network_interface": [],
            "outpost_arn": "",
            "password_data": "",
            "placement_group": "",
            "placement_partition_number": null,
            "primary_network_interface_id": "eni-033b6793639fe6ed1",
            "private_dns": "ip-10-0-2-54.eu-central-1.compute.internal",
            "private_dns_name_options": [
              {
                "enable_resource_name_dns_a_record": false,
                "enable_resource_name_dns_aaaa_record": false,
                "hostname_type": "ip-name"
              }
            ],
            "private_ip": "10.0.2.54",
            "public_dns": "ec2-18-197-145-143.eu-central-1.compute.amazonaws.com",
            "public_ip": "18.197.145.143",
            "root_block_device": [
              {
                "delete_on_termination": true,
                "device_name": "/dev/sda1",
                "encrypted": false,
                "iops": 100,
                "kms_key_id": "",
                "tags": {},
                "throughput": 0,
                "volume_id": "vol-03c9633a6ecde8e18",
                "volume_size": 8,
                "volume_type": "gp2"
              }
            ],
            "secondary_private_ips": [],
            "security_groups": [],
            "source_dest_check": true,
            "subnet_id": "subnet-072189018443a0804",
            "tags": {
              "Name": "aws2-srv"
            },
            "tags_all": {
              "Name": "aws2-srv"
            },
            "tenancy": "default",
            "timeouts": null,
            "user_data": "97e0396800bd276015af0e93b0c9092bf2c1fc74",
            "user_data_base64": null,
            "user_data_replace_on_change": false,
            "volume_tags": null,
            "vpc_security_group_ids": [
              "sg-0e46da2e02a8a3136"
            ]
          },
          "sensitive_attributes": [],
          "private": "eyJlMmJmYjczMC1lY2FhLTExZTYtOGY4OC0zNDM2M2JjN2M0YzAiOnsiY3JlYXRlIjo2MDAwMDAwMDAwMDAsImRlbGV0ZSI6MTIwMDAwMDAwMDAwMCwidXBkYXRlIjo2MDAwMDAwMDAwMDB9LCJzY2hlbWFfdmVyc2lvbiI6IjEifQ==",
          "dependencies": [
            "module.aws2.aws_key_pair.key",
            "module.aws2.aws_security_group.sg",
            "module.aws2.data.aws_ami.ubuntu",
            "module.spoke1.aviatrix_vpc.default"
          ]
        }
      ]
    },
    {
      "module": "module.aws2",
      "mode": "managed",
      "type": "aws_key_pair",
      "name": "key",
      "provider": "provider[\"registry.terraform.io/hashicorp/aws\"]",
      "instances": [
        {
          "schema_version": 1,
          "attributes": {
            "arn": "arn:aws:ec2:eu-central-1:594826232704:key-pair/aws2-key",
            "fingerprint": "48:2a:9d:5f:d6:1c:a8:e8:72:60:ca:e6:c2:d1:52:e7",
            "id": "aws2-key",
            "key_name": "aws2-key",
            "key_name_prefix": "",
            "key_pair_id": "key-02621d0a4dbed3c9a",
            "key_type": "rsa",
            "public_key": "ssh-rsa AAAAB3NzaC1yc2EAAAADAQABAAABAQCnNDeCuEOgJjtFFzWa9fXyKj8mSdCnCVR+iOm40JYSO4/kKEOflq0VvtIcnezv1wa4Ghj3RqEcFd9857qAQfqsn5KgjwuoYG37eTthz9waKSbem6l8hilR4CncagBqMqje8EDuWFdyNPWmgM04nHJ+HRn0UoXzYikSbbQJ082XORREEpZA4Rt7ZHtIncqN5EMBPQ4lflDOR7l0pCTcGObHNPOuWje35ZQqcjryskUkgvEzx+kFxnJ5fG2cwvDkoq8JrCwXhZNmoYNvR6cAtzMo7S/v7THxCxYMgsSUWRzY1+Pi93EB/CIZp5le0gewblrzXpc8DmHd5NPi3ObPwPTh dennis@NUC",
            "tags": {},
            "tags_all": {}
          },
          "sensitive_attributes": [],
          "private": "eyJzY2hlbWFfdmVyc2lvbiI6IjEifQ=="
        }
      ]
    },
    {
      "module": "module.aws2",
      "mode": "managed",
      "type": "aws_security_group",
      "name": "sg",
      "provider": "provider[\"registry.terraform.io/hashicorp/aws\"]",
      "instances": [
        {
          "schema_version": 1,
          "attributes": {
            "arn": "arn:aws:ec2:eu-central-1:594826232704:security-group/sg-0e46da2e02a8a3136",
            "description": "Managed by Terraform",
            "egress": [
              {
                "cidr_blocks": [
                  "0.0.0.0/0"
                ],
                "description": "",
                "from_port": 0,
                "ipv6_cidr_blocks": [],
                "prefix_list_ids": [],
                "protocol": "-1",
                "security_groups": [],
                "self": false,
                "to_port": 0
              }
            ],
            "id": "sg-0e46da2e02a8a3136",
            "ingress": [
              {
                "cidr_blocks": [
                  "0.0.0.0/0"
                ],
                "description": "",
                "from_port": -1,
                "ipv6_cidr_blocks": [],
                "prefix_list_ids": [],
                "protocol": "icmp",
                "security_groups": [],
                "self": false,
                "to_port": -1
              },
              {
                "cidr_blocks": [
                  "0.0.0.0/0"
                ],
                "description": "",
                "from_port": 22,
                "ipv6_cidr_blocks": [],
                "prefix_list_ids": [],
                "protocol": "tcp",
                "security_groups": [],
                "self": false,
                "to_port": 22
              },
              {
                "cidr_blocks": [
                  "0.0.0.0/0"
                ],
                "description": "",
                "from_port": 80,
                "ipv6_cidr_blocks": [],
                "prefix_list_ids": [],
                "protocol": "tcp",
                "security_groups": [],
                "self": false,
                "to_port": 80
              },
              {
                "cidr_blocks": [
                  "10.0.0.0/8"
                ],
                "description": "",
                "from_port": 0,
                "ipv6_cidr_blocks": [],
                "prefix_list_ids": [],
                "protocol": "-1",
                "security_groups": [],
                "self": false,
                "to_port": 0
              }
            ],
            "name": "aws2-sg",
            "name_prefix": "",
            "owner_id": "594826232704",
            "revoke_rules_on_delete": false,
            "tags": {},
            "tags_all": {},
            "timeouts": null,
            "vpc_id": "vpc-09fd49149d71578bb"
          },
          "sensitive_attributes": [],
          "private": "eyJlMmJmYjczMC1lY2FhLTExZTYtOGY4OC0zNDM2M2JjN2M0YzAiOnsiY3JlYXRlIjo2MDAwMDAwMDAwMDAsImRlbGV0ZSI6OTAwMDAwMDAwMDAwfSwic2NoZW1hX3ZlcnNpb24iOiIxIn0=",
          "dependencies": [
            "module.spoke1.aviatrix_vpc.default"
          ]
        }
      ]
    },
    {
      "module": "module.aws_transit",
      "mode": "managed",
      "type": "aviatrix_transit_gateway",
      "name": "default",
      "provider": "provider[\"registry.terraform.io/aviatrixsystems/aviatrix\"]",
      "instances": [
        {
          "schema_version": 1,
          "attributes": {
            "account_name": "aws",
            "allocate_new_eip": true,
            "approved_learned_cidrs": [],
            "availability_domain": null,
            "azure_eip_name_resource_group": null,
            "bgp_ecmp": true,
            "bgp_hold_time": 180,
            "bgp_lan_interfaces": [],
            "bgp_lan_interfaces_count": 1,
            "bgp_lan_ip_list": [],
            "bgp_manual_spoke_advertise_cidrs": "",
            "bgp_polling_time": "50",
            "cloud_instance_id": "i-0b60924b3f5b2cc93",
            "cloud_type": 1,
            "connected_transit": true,
            "customer_managed_keys": null,
            "customized_spoke_vpc_routes": "",
            "customized_transit_vpc_routes": [],
            "eip": "3.126.107.15",
            "enable_active_standby": false,
            "enable_active_standby_preemptive": false,
            "enable_advertise_transit_cidr": false,
            "enable_bgp_over_lan": false,
            "enable_egress_transit_firenet": false,
            "enable_encrypt_volume": false,
            "enable_firenet": false,
            "enable_gateway_load_balancer": false,
            "enable_hybrid_connection": false,
            "enable_jumbo_frame": true,
            "enable_learned_cidrs_approval": false,
            "enable_monitor_gateway_subnets": false,
            "enable_multi_tier_transit": false,
            "enable_preserve_as_path": false,
            "enable_private_oob": false,
            "enable_s2c_rx_balancing": true,
            "enable_segmentation": false,
            "enable_spot_instance": null,
            "enable_transit_firenet": false,
            "enable_transit_summarize_cidr_to_tgw": false,
            "enable_vpc_dns_server": false,
            "excluded_advertised_spoke_routes": "",
            "fault_domain": null,
            "filtered_spoke_vpc_routes": "",
            "gw_name": "awstransit",
            "gw_size": "c5n.9xlarge",
            "ha_availability_domain": null,
            "ha_azure_eip_name_resource_group": null,
            "ha_bgp_lan_interfaces": [],
            "ha_bgp_lan_ip_list": [],
            "ha_cloud_instance_id": "i-09266b6fedbd3d4b9",
            "ha_eip": "3.75.39.186",
            "ha_fault_domain": null,
            "ha_gw_name": "awstransit-hagw",
            "ha_gw_size": "c5n.9xlarge",
            "ha_image_version": "hvm-cloudx-aws-071922",
            "ha_insane_mode_az": "eu-central-1b",
            "ha_lan_interface_cidr": "",
            "ha_oob_availability_zone": null,
            "ha_oob_management_subnet": null,
            "ha_private_ip": "10.0.1.239",
            "ha_private_mode_subnet_zone": "",
            "ha_public_ip": "3.75.39.186",
            "ha_security_group_id": "sg-017c02afb2ec2dfa7",
            "ha_software_version": "6.7.1319",
            "ha_subnet": "10.0.1.192/26",
            "ha_zone": "",
            "id": "awstransit",
            "image_version": "hvm-cloudx-aws-071922",
            "insane_mode": true,
            "insane_mode_az": "eu-central-1a",
            "lan_interface_cidr": "",
            "lan_private_subnet": null,
            "lan_vpc_id": null,
            "learned_cidrs_approval_mode": "gateway",
            "local_as_number": "65002",
            "monitor_exclude_list": [],
            "oob_availability_zone": null,
            "oob_management_subnet": null,
            "prepend_as_path": [],
            "private_ip": "10.0.1.170",
            "private_mode_lb_vpc_id": "",
            "private_mode_subnet_zone": "",
            "public_ip": "3.126.107.15",
            "rx_queue_size": "",
            "security_group_id": "sg-0ec3ef7590eb38f0e",
            "single_az_ha": true,
            "single_ip_snat": false,
            "software_version": "6.7.1319",
            "spot_price": null,
            "subnet": "10.0.1.128/26",
            "tag_list": null,
            "tags": {},
            "tunnel_detection_time": 60,
            "vpc_id": "vpc-06d09a4081ec781c4",
            "vpc_reg": "eu-central-1",
            "zone": null
          },
          "sensitive_attributes": [],
          "private": "eyJzY2hlbWFfdmVyc2lvbiI6IjEifQ==",
          "dependencies": [
            "module.aws_transit.aviatrix_vpc.default",
            "module.aws_transit.aviatrix_vpc.lan_vpc"
          ]
        }
      ]
    },
    {
      "module": "module.aws_transit",
      "mode": "managed",
      "type": "aviatrix_vpc",
      "name": "default",
      "provider": "provider[\"registry.terraform.io/aviatrixsystems/aviatrix\"]",
      "instances": [
        {
          "schema_version": 1,
          "attributes": {
            "account_name": "aws",
            "availability_domains": [],
            "aviatrix_firenet_vpc": true,
            "aviatrix_transit_vpc": false,
            "azure_vnet_resource_id": null,
            "cidr": "10.0.0.0/23",
            "cloud_type": 1,
            "enable_native_gwlb": false,
            "enable_private_oob_subnet": false,
            "fault_domains": [],
            "id": "awstransit",
            "name": "awstransit",
            "num_of_subnet_pairs": null,
            "private_mode_subnets": false,
            "private_subnets": [],
            "public_subnets": [
              {
                "cidr": "10.0.0.0/28",
                "name": "awstransit-Public-gateway-and-firewall-mgmt-eu-central-1a",
                "subnet_id": "subnet-0a2486bb56bfc83b5"
              },
              {
                "cidr": "10.0.0.16/28",
                "name": "awstransit-Public-FW-ingress-egress-eu-central-1a",
                "subnet_id": "subnet-07f746c2a4a0fa761"
              },
              {
                "cidr": "10.0.0.32/28",
                "name": "awstransit-Public-gateway-and-firewall-mgmt-eu-central-1b",
                "subnet_id": "subnet-0949294c9ef8f2015"
              },
              {
                "cidr": "10.0.0.48/28",
                "name": "awstransit-Public-FW-ingress-egress-eu-central-1b",
                "subnet_id": "subnet-0c668f29afcf609b5"
              }
            ],
            "region": "eu-central-1",
            "resource_group": null,
            "route_tables": [
              "rtb-07af64a31c851e1d0",
              "rtb-0f363ab5e86cd77e0",
              "rtb-08103893e925e8ebb"
            ],
            "subnet_size": null,
            "subnets": [
              {
                "cidr": "10.0.0.0/28",
                "name": "awstransit-Public-gateway-and-firewall-mgmt-eu-central-1a",
                "region": "",
                "subnet_id": "subnet-0a2486bb56bfc83b5"
              },
              {
                "cidr": "10.0.0.16/28",
                "name": "awstransit-Public-FW-ingress-egress-eu-central-1a",
                "region": "",
                "subnet_id": "subnet-07f746c2a4a0fa761"
              },
              {
                "cidr": "10.0.0.32/28",
                "name": "awstransit-Public-gateway-and-firewall-mgmt-eu-central-1b",
                "region": "",
                "subnet_id": "subnet-0949294c9ef8f2015"
              },
              {
                "cidr": "10.0.0.48/28",
                "name": "awstransit-Public-FW-ingress-egress-eu-central-1b",
                "region": "",
                "subnet_id": "subnet-0c668f29afcf609b5"
              }
            ],
            "vpc_id": "vpc-06d09a4081ec781c4"
          },
          "sensitive_attributes": [],
          "private": "eyJzY2hlbWFfdmVyc2lvbiI6IjEifQ=="
        }
      ]
    },
    {
      "module": "module.azure1",
      "mode": "managed",
      "type": "azurerm_network_interface",
      "name": "default",
      "provider": "provider[\"registry.terraform.io/hashicorp/azurerm\"]",
      "instances": [
        {
          "schema_version": 0,
          "attributes": {
            "applied_dns_servers": [],
            "dns_servers": [],
            "edge_zone": "",
            "enable_accelerated_networking": false,
            "enable_ip_forwarding": false,
            "id": "/subscriptions/a7acba80-b5bc-4094-9cf7-f2f0a882c686/resourceGroups/rg-av-azure-spoke1-717829/providers/Microsoft.Network/networkInterfaces/azure-srv1-nic",
            "internal_dns_name_label": "",
            "internal_domain_name_suffix": "xjmzlbe3rlgutpttphkgocjuxc.ax.internal.cloudapp.net",
            "ip_configuration": [
              {
                "gateway_load_balancer_frontend_ip_configuration_id": "",
                "name": "azure-srv1-nic",
                "primary": true,
                "private_ip_address": "10.100.2.4",
                "private_ip_address_allocation": "Dynamic",
                "private_ip_address_version": "IPv4",
                "public_ip_address_id": "/subscriptions/a7acba80-b5bc-4094-9cf7-f2f0a882c686/resourceGroups/rg-av-azure-spoke1-717829/providers/Microsoft.Network/publicIPAddresses/azure-srv1-pub_ip",
                "subnet_id": "/subscriptions/a7acba80-b5bc-4094-9cf7-f2f0a882c686/resourceGroups/rg-av-azure-spoke1-717829/providers/Microsoft.Network/virtualNetworks/azure-spoke1/subnets/azure-spoke1-Public-gateway-subnet-1"
              }
            ],
            "location": "westeurope",
            "mac_address": "00-0D-3A-26-23-54",
            "name": "azure-srv1-nic",
            "private_ip_address": "10.100.2.4",
            "private_ip_addresses": [
              "10.100.2.4"
            ],
            "resource_group_name": "rg-av-azure-spoke1-717829",
            "tags": {},
            "timeouts": null,
            "virtual_machine_id": "/subscriptions/a7acba80-b5bc-4094-9cf7-f2f0a882c686/resourceGroups/rg-av-azure-spoke1-717829/providers/Microsoft.Compute/virtualMachines/azure-srv1-srv"
          },
          "sensitive_attributes": [],
          "private": "eyJlMmJmYjczMC1lY2FhLTExZTYtOGY4OC0zNDM2M2JjN2M0YzAiOnsiY3JlYXRlIjoxODAwMDAwMDAwMDAwLCJkZWxldGUiOjE4MDAwMDAwMDAwMDAsInJlYWQiOjMwMDAwMDAwMDAwMCwidXBkYXRlIjoxODAwMDAwMDAwMDAwfX0=",
          "dependencies": [
            "module.azure1.azurerm_public_ip.default",
            "module.azure_spoke1.aviatrix_vpc.default"
          ]
        }
      ]
    },
    {
      "module": "module.azure1",
      "mode": "managed",
      "type": "azurerm_network_interface_security_group_association",
      "name": "default",
      "provider": "provider[\"registry.terraform.io/hashicorp/azurerm\"]",
      "instances": [
        {
          "schema_version": 0,
          "attributes": {
            "id": "/subscriptions/a7acba80-b5bc-4094-9cf7-f2f0a882c686/resourceGroups/rg-av-azure-spoke1-717829/providers/Microsoft.Network/networkInterfaces/azure-srv1-nic|/subscriptions/a7acba80-b5bc-4094-9cf7-f2f0a882c686/resourceGroups/rg-av-azure-spoke1-717829/providers/Microsoft.Network/networkSecurityGroups/azure-srv1-nsg",
            "network_interface_id": "/subscriptions/a7acba80-b5bc-4094-9cf7-f2f0a882c686/resourceGroups/rg-av-azure-spoke1-717829/providers/Microsoft.Network/networkInterfaces/azure-srv1-nic",
            "network_security_group_id": "/subscriptions/a7acba80-b5bc-4094-9cf7-f2f0a882c686/resourceGroups/rg-av-azure-spoke1-717829/providers/Microsoft.Network/networkSecurityGroups/azure-srv1-nsg",
            "timeouts": null
          },
          "sensitive_attributes": [],
          "private": "eyJlMmJmYjczMC1lY2FhLTExZTYtOGY4OC0zNDM2M2JjN2M0YzAiOnsiY3JlYXRlIjoxODAwMDAwMDAwMDAwLCJkZWxldGUiOjE4MDAwMDAwMDAwMDAsInJlYWQiOjMwMDAwMDAwMDAwMCwidXBkYXRlIjoxODAwMDAwMDAwMDAwfX0=",
          "dependencies": [
            "module.azure1.azurerm_network_interface.default",
            "module.azure1.azurerm_network_security_group.default",
            "module.azure1.azurerm_public_ip.default",
            "module.azure_spoke1.aviatrix_vpc.default"
          ]
        }
      ]
    },
    {
      "module": "module.azure1",
      "mode": "managed",
      "type": "azurerm_network_security_group",
      "name": "default",
      "provider": "provider[\"registry.terraform.io/hashicorp/azurerm\"]",
      "instances": [
        {
          "schema_version": 0,
          "attributes": {
            "id": "/subscriptions/a7acba80-b5bc-4094-9cf7-f2f0a882c686/resourceGroups/rg-av-azure-spoke1-717829/providers/Microsoft.Network/networkSecurityGroups/azure-srv1-nsg",
            "location": "westeurope",
            "name": "azure-srv1-nsg",
            "resource_group_name": "rg-av-azure-spoke1-717829",
            "security_rule": [
              {
                "access": "Allow",
                "description": "",
                "destination_address_prefix": "*",
                "destination_address_prefixes": [],
                "destination_application_security_group_ids": [],
                "destination_port_range": "*",
                "destination_port_ranges": [],
                "direction": "Inbound",
                "name": "ICMP",
                "priority": 1008,
                "protocol": "Icmp",
                "source_address_prefix": "*",
                "source_address_prefixes": [],
                "source_application_security_group_ids": [],
                "source_port_range": "*",
                "source_port_ranges": []
              },
              {
                "access": "Allow",
                "description": "",
                "destination_address_prefix": "*",
                "destination_address_prefixes": [],
                "destination_application_security_group_ids": [],
                "destination_port_range": "*",
                "destination_port_ranges": [],
                "direction": "Inbound",
                "name": "RDP",
                "priority": 1007,
                "protocol": "Tcp",
                "source_address_prefix": "*",
                "source_address_prefixes": [],
                "source_application_security_group_ids": [],
                "source_port_range": "3389",
                "source_port_ranges": []
              },
              {
                "access": "Allow",
                "description": "",
                "destination_address_prefix": "*",
                "destination_address_prefixes": [],
                "destination_application_security_group_ids": [],
                "destination_port_range": "*",
                "destination_port_ranges": [],
                "direction": "Inbound",
                "name": "rfc1918a",
                "priority": 1009,
                "protocol": "*",
                "source_address_prefix": "10.0.0.0/8",
                "source_address_prefixes": [],
                "source_application_security_group_ids": [],
                "source_port_range": "*",
                "source_port_ranges": []
              },
              {
                "access": "Allow",
                "description": "",
                "destination_address_prefix": "*",
                "destination_address_prefixes": [],
                "destination_application_security_group_ids": [],
                "destination_port_range": "*",
                "destination_port_ranges": [],
                "direction": "Inbound",
                "name": "rfc1918b",
                "priority": 1010,
                "protocol": "*",
                "source_address_prefix": "172.16.0.0/12",
                "source_address_prefixes": [],
                "source_application_security_group_ids": [],
                "source_port_range": "*",
                "source_port_ranges": []
              },
              {
                "access": "Allow",
                "description": "",
                "destination_address_prefix": "*",
                "destination_address_prefixes": [],
                "destination_application_security_group_ids": [],
                "destination_port_range": "*",
                "destination_port_ranges": [],
                "direction": "Inbound",
                "name": "rfc1918c",
                "priority": 1011,
                "protocol": "*",
                "source_address_prefix": "192.168.0.0/16",
                "source_address_prefixes": [],
                "source_application_security_group_ids": [],
                "source_port_range": "*",
                "source_port_ranges": []
              },
              {
                "access": "Allow",
                "description": "",
                "destination_address_prefix": "*",
                "destination_address_prefixes": [],
                "destination_application_security_group_ids": [],
                "destination_port_range": "*",
                "destination_port_ranges": [],
                "direction": "Outbound",
                "name": "Outbound",
                "priority": 1013,
                "protocol": "*",
                "source_address_prefix": "*",
                "source_address_prefixes": [],
                "source_application_security_group_ids": [],
                "source_port_range": "*",
                "source_port_ranges": []
              },
              {
                "access": "Allow",
                "description": "",
                "destination_address_prefix": "*",
                "destination_address_prefixes": [],
                "destination_application_security_group_ids": [],
                "destination_port_range": "22",
                "destination_port_ranges": [],
                "direction": "Inbound",
                "name": "SSH",
                "priority": 1004,
                "protocol": "Tcp",
                "source_address_prefix": "*",
                "source_address_prefixes": [],
                "source_application_security_group_ids": [],
                "source_port_range": "*",
                "source_port_ranges": []
              },
              {
                "access": "Allow",
                "description": "",
                "destination_address_prefix": "*",
                "destination_address_prefixes": [],
                "destination_application_security_group_ids": [],
                "destination_port_range": "443",
                "destination_port_ranges": [],
                "direction": "Inbound",
                "name": "HTTPS",
                "priority": 1006,
                "protocol": "Tcp",
                "source_address_prefix": "*",
                "source_address_prefixes": [],
                "source_application_security_group_ids": [],
                "source_port_range": "*",
                "source_port_ranges": []
              },
              {
                "access": "Allow",
                "description": "",
                "destination_address_prefix": "*",
                "destination_address_prefixes": [],
                "destination_application_security_group_ids": [],
                "destination_port_range": "80",
                "destination_port_ranges": [],
                "direction": "Inbound",
                "name": "HTTP",
                "priority": 1005,
                "protocol": "Tcp",
                "source_address_prefix": "*",
                "source_address_prefixes": [],
                "source_application_security_group_ids": [],
                "source_port_range": "*",
                "source_port_ranges": []
              }
            ],
            "tags": {},
            "timeouts": null
          },
          "sensitive_attributes": [],
          "private": "eyJlMmJmYjczMC1lY2FhLTExZTYtOGY4OC0zNDM2M2JjN2M0YzAiOnsiY3JlYXRlIjoxODAwMDAwMDAwMDAwLCJkZWxldGUiOjE4MDAwMDAwMDAwMDAsInJlYWQiOjMwMDAwMDAwMDAwMCwidXBkYXRlIjoxODAwMDAwMDAwMDAwfX0=",
          "dependencies": [
            "module.azure_spoke1.aviatrix_vpc.default"
          ]
        }
      ]
    },
    {
      "module": "module.azure1",
      "mode": "managed",
      "type": "azurerm_public_ip",
      "name": "default",
      "provider": "provider[\"registry.terraform.io/hashicorp/azurerm\"]",
      "instances": [
        {
          "index_key": 0,
          "schema_version": 0,
          "attributes": {
            "allocation_method": "Static",
            "domain_name_label": null,
            "edge_zone": "",
            "fqdn": null,
            "id": "/subscriptions/a7acba80-b5bc-4094-9cf7-f2f0a882c686/resourceGroups/rg-av-azure-spoke1-717829/providers/Microsoft.Network/publicIPAddresses/azure-srv1-pub_ip",
            "idle_timeout_in_minutes": 4,
            "ip_address": "20.16.153.7",
            "ip_tags": {},
            "ip_version": "IPv4",
            "location": "westeurope",
            "name": "azure-srv1-pub_ip",
            "public_ip_prefix_id": null,
            "resource_group_name": "rg-av-azure-spoke1-717829",
            "reverse_fqdn": null,
            "sku": "Basic",
            "sku_tier": "Regional",
            "tags": {},
            "timeouts": null,
            "zones": []
          },
          "sensitive_attributes": [],
          "private": "eyJlMmJmYjczMC1lY2FhLTExZTYtOGY4OC0zNDM2M2JjN2M0YzAiOnsiY3JlYXRlIjoxODAwMDAwMDAwMDAwLCJkZWxldGUiOjE4MDAwMDAwMDAwMDAsInJlYWQiOjMwMDAwMDAwMDAwMCwidXBkYXRlIjoxODAwMDAwMDAwMDAwfX0=",
          "dependencies": [
            "module.azure_spoke1.aviatrix_vpc.default"
          ]
        }
      ]
    },
    {
      "module": "module.azure1",
      "mode": "managed",
      "type": "azurerm_virtual_machine",
      "name": "default",
      "provider": "provider[\"registry.terraform.io/hashicorp/azurerm\"]",
      "instances": [
        {
          "schema_version": 0,
          "attributes": {
            "additional_capabilities": [],
            "availability_set_id": null,
            "boot_diagnostics": [],
            "delete_data_disks_on_termination": true,
            "delete_os_disk_on_termination": true,
            "id": "/subscriptions/a7acba80-b5bc-4094-9cf7-f2f0a882c686/resourceGroups/rg-av-azure-spoke1-717829/providers/Microsoft.Compute/virtualMachines/azure-srv1-srv",
            "identity": [],
            "license_type": null,
            "location": "westeurope",
            "name": "azure-srv1-srv",
            "network_interface_ids": [
              "/subscriptions/a7acba80-b5bc-4094-9cf7-f2f0a882c686/resourceGroups/rg-av-azure-spoke1-717829/providers/Microsoft.Network/networkInterfaces/azure-srv1-nic"
            ],
            "os_profile": [
              {
                "admin_password": "",
                "admin_username": "ubuntu",
                "computer_name": "azure-srv1",
                "custom_data": ""
              }
            ],
            "os_profile_linux_config": [
              {
                "disable_password_authentication": true,
                "ssh_keys": [
                  {
                    "key_data": "ssh-rsa AAAAB3NzaC1yc2EAAAADAQABAAABAQCnNDeCuEOgJjtFFzWa9fXyKj8mSdCnCVR+iOm40JYSO4/kKEOflq0VvtIcnezv1wa4Ghj3RqEcFd9857qAQfqsn5KgjwuoYG37eTthz9waKSbem6l8hilR4CncagBqMqje8EDuWFdyNPWmgM04nHJ+HRn0UoXzYikSbbQJ082XORREEpZA4Rt7ZHtIncqN5EMBPQ4lflDOR7l0pCTcGObHNPOuWje35ZQqcjryskUkgvEzx+kFxnJ5fG2cwvDkoq8JrCwXhZNmoYNvR6cAtzMo7S/v7THxCxYMgsSUWRzY1+Pi93EB/CIZp5le0gewblrzXpc8DmHd5NPi3ObPwPTh dennis@NUC",
                    "path": "/home/ubuntu/.ssh/authorized_keys"
                  }
                ]
              }
            ],
            "os_profile_secrets": [],
            "os_profile_windows_config": [],
            "plan": [],
            "primary_network_interface_id": null,
            "proximity_placement_group_id": null,
            "resource_group_name": "rg-av-azure-spoke1-717829",
            "storage_data_disk": [],
            "storage_image_reference": [
              {
                "id": "",
                "offer": "UbuntuServer",
                "publisher": "Canonical",
                "sku": "18.04-LTS",
                "version": "latest"
              }
            ],
            "storage_os_disk": [
              {
                "caching": "ReadWrite",
                "create_option": "FromImage",
                "disk_size_gb": 30,
                "image_uri": "",
                "managed_disk_id": "/subscriptions/a7acba80-b5bc-4094-9cf7-f2f0a882c686/resourceGroups/rg-av-azure-spoke1-717829/providers/Microsoft.Compute/disks/azure-srv1-disk",
                "managed_disk_type": "Standard_LRS",
                "name": "azure-srv1-disk",
                "os_type": "Linux",
                "vhd_uri": "",
                "write_accelerator_enabled": false
              }
            ],
            "tags": {},
            "timeouts": null,
            "vm_size": "Standard_D5_v2",
            "zones": []
          },
          "sensitive_attributes": [],
          "private": "eyJlMmJmYjczMC1lY2FhLTExZTYtOGY4OC0zNDM2M2JjN2M0YzAiOnsiY3JlYXRlIjozNjAwMDAwMDAwMDAwLCJkZWxldGUiOjM2MDAwMDAwMDAwMDAsInJlYWQiOjMwMDAwMDAwMDAwMCwidXBkYXRlIjozNjAwMDAwMDAwMDAwfX0=",
          "dependencies": [
            "module.azure1.azurerm_network_interface.default",
            "module.azure1.azurerm_network_interface_security_group_association.default",
            "module.azure1.azurerm_network_security_group.default",
            "module.azure1.azurerm_public_ip.default",
            "module.azure_spoke1.aviatrix_vpc.default"
          ]
        }
      ]
    },
    {
      "module": "module.azure2",
      "mode": "managed",
      "type": "azurerm_network_interface",
      "name": "default",
      "provider": "provider[\"registry.terraform.io/hashicorp/azurerm\"]",
      "instances": [
        {
          "schema_version": 0,
          "attributes": {
            "applied_dns_servers": [],
            "dns_servers": [],
            "edge_zone": "",
            "enable_accelerated_networking": false,
            "enable_ip_forwarding": false,
            "id": "/subscriptions/a7acba80-b5bc-4094-9cf7-f2f0a882c686/resourceGroups/rg-av-azure-spoke1-717829/providers/Microsoft.Network/networkInterfaces/azure-srv2-nic",
            "internal_dns_name_label": "",
            "internal_domain_name_suffix": "xjmzlbe3rlgutpttphkgocjuxc.ax.internal.cloudapp.net",
            "ip_configuration": [
              {
                "gateway_load_balancer_frontend_ip_configuration_id": "",
                "name": "azure-srv2-nic",
                "primary": true,
                "private_ip_address": "10.100.2.20",
                "private_ip_address_allocation": "Dynamic",
                "private_ip_address_version": "IPv4",
                "public_ip_address_id": "/subscriptions/a7acba80-b5bc-4094-9cf7-f2f0a882c686/resourceGroups/rg-av-azure-spoke1-717829/providers/Microsoft.Network/publicIPAddresses/azure-srv2-pub_ip",
                "subnet_id": "/subscriptions/a7acba80-b5bc-4094-9cf7-f2f0a882c686/resourceGroups/rg-av-azure-spoke1-717829/providers/Microsoft.Network/virtualNetworks/azure-spoke1/subnets/azure-spoke1-Public-subnet-1"
              }
            ],
            "location": "westeurope",
            "mac_address": "00-0D-3A-2E-18-AB",
            "name": "azure-srv2-nic",
            "private_ip_address": "10.100.2.20",
            "private_ip_addresses": [
              "10.100.2.20"
            ],
            "resource_group_name": "rg-av-azure-spoke1-717829",
            "tags": {},
            "timeouts": null,
            "virtual_machine_id": "/subscriptions/a7acba80-b5bc-4094-9cf7-f2f0a882c686/resourceGroups/rg-av-azure-spoke1-717829/providers/Microsoft.Compute/virtualMachines/azure-srv2-srv"
          },
          "sensitive_attributes": [],
          "private": "eyJlMmJmYjczMC1lY2FhLTExZTYtOGY4OC0zNDM2M2JjN2M0YzAiOnsiY3JlYXRlIjoxODAwMDAwMDAwMDAwLCJkZWxldGUiOjE4MDAwMDAwMDAwMDAsInJlYWQiOjMwMDAwMDAwMDAwMCwidXBkYXRlIjoxODAwMDAwMDAwMDAwfX0=",
          "dependencies": [
            "module.azure2.azurerm_public_ip.default",
            "module.azure_spoke1.aviatrix_vpc.default"
          ]
        }
      ]
    },
    {
      "module": "module.azure2",
      "mode": "managed",
      "type": "azurerm_network_interface_security_group_association",
      "name": "default",
      "provider": "provider[\"registry.terraform.io/hashicorp/azurerm\"]",
      "instances": [
        {
          "schema_version": 0,
          "attributes": {
            "id": "/subscriptions/a7acba80-b5bc-4094-9cf7-f2f0a882c686/resourceGroups/rg-av-azure-spoke1-717829/providers/Microsoft.Network/networkInterfaces/azure-srv2-nic|/subscriptions/a7acba80-b5bc-4094-9cf7-f2f0a882c686/resourceGroups/rg-av-azure-spoke1-717829/providers/Microsoft.Network/networkSecurityGroups/azure-srv2-nsg",
            "network_interface_id": "/subscriptions/a7acba80-b5bc-4094-9cf7-f2f0a882c686/resourceGroups/rg-av-azure-spoke1-717829/providers/Microsoft.Network/networkInterfaces/azure-srv2-nic",
            "network_security_group_id": "/subscriptions/a7acba80-b5bc-4094-9cf7-f2f0a882c686/resourceGroups/rg-av-azure-spoke1-717829/providers/Microsoft.Network/networkSecurityGroups/azure-srv2-nsg",
            "timeouts": null
          },
          "sensitive_attributes": [],
          "private": "eyJlMmJmYjczMC1lY2FhLTExZTYtOGY4OC0zNDM2M2JjN2M0YzAiOnsiY3JlYXRlIjoxODAwMDAwMDAwMDAwLCJkZWxldGUiOjE4MDAwMDAwMDAwMDAsInJlYWQiOjMwMDAwMDAwMDAwMCwidXBkYXRlIjoxODAwMDAwMDAwMDAwfX0=",
          "dependencies": [
            "module.azure2.azurerm_network_interface.default",
            "module.azure2.azurerm_network_security_group.default",
            "module.azure2.azurerm_public_ip.default",
            "module.azure_spoke1.aviatrix_vpc.default"
          ]
        }
      ]
    },
    {
      "module": "module.azure2",
      "mode": "managed",
      "type": "azurerm_network_security_group",
      "name": "default",
      "provider": "provider[\"registry.terraform.io/hashicorp/azurerm\"]",
      "instances": [
        {
          "schema_version": 0,
          "attributes": {
            "id": "/subscriptions/a7acba80-b5bc-4094-9cf7-f2f0a882c686/resourceGroups/rg-av-azure-spoke1-717829/providers/Microsoft.Network/networkSecurityGroups/azure-srv2-nsg",
            "location": "westeurope",
            "name": "azure-srv2-nsg",
            "resource_group_name": "rg-av-azure-spoke1-717829",
            "security_rule": [
              {
                "access": "Allow",
                "description": "",
                "destination_address_prefix": "*",
                "destination_address_prefixes": [],
                "destination_application_security_group_ids": [],
                "destination_port_range": "*",
                "destination_port_ranges": [],
                "direction": "Inbound",
                "name": "ICMP",
                "priority": 1008,
                "protocol": "Icmp",
                "source_address_prefix": "*",
                "source_address_prefixes": [],
                "source_application_security_group_ids": [],
                "source_port_range": "*",
                "source_port_ranges": []
              },
              {
                "access": "Allow",
                "description": "",
                "destination_address_prefix": "*",
                "destination_address_prefixes": [],
                "destination_application_security_group_ids": [],
                "destination_port_range": "*",
                "destination_port_ranges": [],
                "direction": "Inbound",
                "name": "RDP",
                "priority": 1007,
                "protocol": "Tcp",
                "source_address_prefix": "*",
                "source_address_prefixes": [],
                "source_application_security_group_ids": [],
                "source_port_range": "3389",
                "source_port_ranges": []
              },
              {
                "access": "Allow",
                "description": "",
                "destination_address_prefix": "*",
                "destination_address_prefixes": [],
                "destination_application_security_group_ids": [],
                "destination_port_range": "*",
                "destination_port_ranges": [],
                "direction": "Inbound",
                "name": "rfc1918a",
                "priority": 1009,
                "protocol": "*",
                "source_address_prefix": "10.0.0.0/8",
                "source_address_prefixes": [],
                "source_application_security_group_ids": [],
                "source_port_range": "*",
                "source_port_ranges": []
              },
              {
                "access": "Allow",
                "description": "",
                "destination_address_prefix": "*",
                "destination_address_prefixes": [],
                "destination_application_security_group_ids": [],
                "destination_port_range": "*",
                "destination_port_ranges": [],
                "direction": "Inbound",
                "name": "rfc1918b",
                "priority": 1010,
                "protocol": "*",
                "source_address_prefix": "172.16.0.0/12",
                "source_address_prefixes": [],
                "source_application_security_group_ids": [],
                "source_port_range": "*",
                "source_port_ranges": []
              },
              {
                "access": "Allow",
                "description": "",
                "destination_address_prefix": "*",
                "destination_address_prefixes": [],
                "destination_application_security_group_ids": [],
                "destination_port_range": "*",
                "destination_port_ranges": [],
                "direction": "Inbound",
                "name": "rfc1918c",
                "priority": 1011,
                "protocol": "*",
                "source_address_prefix": "192.168.0.0/16",
                "source_address_prefixes": [],
                "source_application_security_group_ids": [],
                "source_port_range": "*",
                "source_port_ranges": []
              },
              {
                "access": "Allow",
                "description": "",
                "destination_address_prefix": "*",
                "destination_address_prefixes": [],
                "destination_application_security_group_ids": [],
                "destination_port_range": "*",
                "destination_port_ranges": [],
                "direction": "Outbound",
                "name": "Outbound",
                "priority": 1013,
                "protocol": "*",
                "source_address_prefix": "*",
                "source_address_prefixes": [],
                "source_application_security_group_ids": [],
                "source_port_range": "*",
                "source_port_ranges": []
              },
              {
                "access": "Allow",
                "description": "",
                "destination_address_prefix": "*",
                "destination_address_prefixes": [],
                "destination_application_security_group_ids": [],
                "destination_port_range": "22",
                "destination_port_ranges": [],
                "direction": "Inbound",
                "name": "SSH",
                "priority": 1004,
                "protocol": "Tcp",
                "source_address_prefix": "*",
                "source_address_prefixes": [],
                "source_application_security_group_ids": [],
                "source_port_range": "*",
                "source_port_ranges": []
              },
              {
                "access": "Allow",
                "description": "",
                "destination_address_prefix": "*",
                "destination_address_prefixes": [],
                "destination_application_security_group_ids": [],
                "destination_port_range": "443",
                "destination_port_ranges": [],
                "direction": "Inbound",
                "name": "HTTPS",
                "priority": 1006,
                "protocol": "Tcp",
                "source_address_prefix": "*",
                "source_address_prefixes": [],
                "source_application_security_group_ids": [],
                "source_port_range": "*",
                "source_port_ranges": []
              },
              {
                "access": "Allow",
                "description": "",
                "destination_address_prefix": "*",
                "destination_address_prefixes": [],
                "destination_application_security_group_ids": [],
                "destination_port_range": "80",
                "destination_port_ranges": [],
                "direction": "Inbound",
                "name": "HTTP",
                "priority": 1005,
                "protocol": "Tcp",
                "source_address_prefix": "*",
                "source_address_prefixes": [],
                "source_application_security_group_ids": [],
                "source_port_range": "*",
                "source_port_ranges": []
              }
            ],
            "tags": {},
            "timeouts": null
          },
          "sensitive_attributes": [],
          "private": "eyJlMmJmYjczMC1lY2FhLTExZTYtOGY4OC0zNDM2M2JjN2M0YzAiOnsiY3JlYXRlIjoxODAwMDAwMDAwMDAwLCJkZWxldGUiOjE4MDAwMDAwMDAwMDAsInJlYWQiOjMwMDAwMDAwMDAwMCwidXBkYXRlIjoxODAwMDAwMDAwMDAwfX0=",
          "dependencies": [
            "module.azure_spoke1.aviatrix_vpc.default"
          ]
        }
      ]
    },
    {
      "module": "module.azure2",
      "mode": "managed",
      "type": "azurerm_public_ip",
      "name": "default",
      "provider": "provider[\"registry.terraform.io/hashicorp/azurerm\"]",
      "instances": [
        {
          "index_key": 0,
          "schema_version": 0,
          "attributes": {
            "allocation_method": "Static",
            "domain_name_label": null,
            "edge_zone": "",
            "fqdn": null,
            "id": "/subscriptions/a7acba80-b5bc-4094-9cf7-f2f0a882c686/resourceGroups/rg-av-azure-spoke1-717829/providers/Microsoft.Network/publicIPAddresses/azure-srv2-pub_ip",
            "idle_timeout_in_minutes": 4,
            "ip_address": "20.16.153.14",
            "ip_tags": {},
            "ip_version": "IPv4",
            "location": "westeurope",
            "name": "azure-srv2-pub_ip",
            "public_ip_prefix_id": null,
            "resource_group_name": "rg-av-azure-spoke1-717829",
            "reverse_fqdn": null,
            "sku": "Basic",
            "sku_tier": "Regional",
            "tags": {},
            "timeouts": null,
            "zones": []
          },
          "sensitive_attributes": [],
          "private": "eyJlMmJmYjczMC1lY2FhLTExZTYtOGY4OC0zNDM2M2JjN2M0YzAiOnsiY3JlYXRlIjoxODAwMDAwMDAwMDAwLCJkZWxldGUiOjE4MDAwMDAwMDAwMDAsInJlYWQiOjMwMDAwMDAwMDAwMCwidXBkYXRlIjoxODAwMDAwMDAwMDAwfX0=",
          "dependencies": [
            "module.azure_spoke1.aviatrix_vpc.default"
          ]
        }
      ]
    },
    {
      "module": "module.azure2",
      "mode": "managed",
      "type": "azurerm_virtual_machine",
      "name": "default",
      "provider": "provider[\"registry.terraform.io/hashicorp/azurerm\"]",
      "instances": [
        {
          "schema_version": 0,
          "attributes": {
            "additional_capabilities": [],
            "availability_set_id": null,
            "boot_diagnostics": [],
            "delete_data_disks_on_termination": true,
            "delete_os_disk_on_termination": true,
            "id": "/subscriptions/a7acba80-b5bc-4094-9cf7-f2f0a882c686/resourceGroups/rg-av-azure-spoke1-717829/providers/Microsoft.Compute/virtualMachines/azure-srv2-srv",
            "identity": [],
            "license_type": null,
            "location": "westeurope",
            "name": "azure-srv2-srv",
            "network_interface_ids": [
              "/subscriptions/a7acba80-b5bc-4094-9cf7-f2f0a882c686/resourceGroups/rg-av-azure-spoke1-717829/providers/Microsoft.Network/networkInterfaces/azure-srv2-nic"
            ],
            "os_profile": [
              {
                "admin_password": "",
                "admin_username": "ubuntu",
                "computer_name": "azure-srv2",
                "custom_data": ""
              }
            ],
            "os_profile_linux_config": [
              {
                "disable_password_authentication": true,
                "ssh_keys": [
                  {
                    "key_data": "ssh-rsa AAAAB3NzaC1yc2EAAAADAQABAAABAQCnNDeCuEOgJjtFFzWa9fXyKj8mSdCnCVR+iOm40JYSO4/kKEOflq0VvtIcnezv1wa4Ghj3RqEcFd9857qAQfqsn5KgjwuoYG37eTthz9waKSbem6l8hilR4CncagBqMqje8EDuWFdyNPWmgM04nHJ+HRn0UoXzYikSbbQJ082XORREEpZA4Rt7ZHtIncqN5EMBPQ4lflDOR7l0pCTcGObHNPOuWje35ZQqcjryskUkgvEzx+kFxnJ5fG2cwvDkoq8JrCwXhZNmoYNvR6cAtzMo7S/v7THxCxYMgsSUWRzY1+Pi93EB/CIZp5le0gewblrzXpc8DmHd5NPi3ObPwPTh dennis@NUC",
                    "path": "/home/ubuntu/.ssh/authorized_keys"
                  }
                ]
              }
            ],
            "os_profile_secrets": [],
            "os_profile_windows_config": [],
            "plan": [],
            "primary_network_interface_id": null,
            "proximity_placement_group_id": null,
            "resource_group_name": "rg-av-azure-spoke1-717829",
            "storage_data_disk": [],
            "storage_image_reference": [
              {
                "id": "",
                "offer": "UbuntuServer",
                "publisher": "Canonical",
                "sku": "18.04-LTS",
                "version": "latest"
              }
            ],
            "storage_os_disk": [
              {
                "caching": "ReadWrite",
                "create_option": "FromImage",
                "disk_size_gb": 30,
                "image_uri": "",
                "managed_disk_id": "/subscriptions/a7acba80-b5bc-4094-9cf7-f2f0a882c686/resourceGroups/rg-av-azure-spoke1-717829/providers/Microsoft.Compute/disks/azure-srv2-disk",
                "managed_disk_type": "Standard_LRS",
                "name": "azure-srv2-disk",
                "os_type": "Linux",
                "vhd_uri": "",
                "write_accelerator_enabled": false
              }
            ],
            "tags": {},
            "timeouts": null,
            "vm_size": "Standard_D5_v2",
            "zones": []
          },
          "sensitive_attributes": [],
          "private": "eyJlMmJmYjczMC1lY2FhLTExZTYtOGY4OC0zNDM2M2JjN2M0YzAiOnsiY3JlYXRlIjozNjAwMDAwMDAwMDAwLCJkZWxldGUiOjM2MDAwMDAwMDAwMDAsInJlYWQiOjMwMDAwMDAwMDAwMCwidXBkYXRlIjozNjAwMDAwMDAwMDAwfX0=",
          "dependencies": [
            "module.azure2.azurerm_network_interface.default",
            "module.azure2.azurerm_network_interface_security_group_association.default",
            "module.azure2.azurerm_network_security_group.default",
            "module.azure2.azurerm_public_ip.default",
            "module.azure_spoke1.aviatrix_vpc.default"
          ]
        }
      ]
    },
    {
      "module": "module.azure_spoke1",
      "mode": "managed",
      "type": "aviatrix_spoke_gateway",
      "name": "default",
      "provider": "provider[\"registry.terraform.io/aviatrixsystems/aviatrix\"]",
      "instances": [
        {
          "schema_version": 1,
          "attributes": {
            "account_name": "azure-sub-1",
            "allocate_new_eip": true,
            "approved_learned_cidrs": [],
            "availability_domain": null,
            "azure_eip_name_resource_group": null,
            "bgp_ecmp": false,
            "bgp_hold_time": 180,
            "bgp_polling_time": 50,
            "cloud_instance_id": "av-gw-azure-spoke1",
            "cloud_type": 8,
            "customer_managed_keys": null,
            "customized_spoke_vpc_routes": "",
            "disable_route_propagation": false,
            "eip": "20.31.159.199",
            "enable_active_standby": false,
            "enable_active_standby_preemptive": false,
            "enable_auto_advertise_s2c_cidrs": false,
            "enable_bgp": false,
            "enable_encrypt_volume": false,
            "enable_jumbo_frame": true,
            "enable_learned_cidrs_approval": false,
            "enable_monitor_gateway_subnets": false,
            "enable_preserve_as_path": false,
            "enable_private_oob": false,
            "enable_private_vpc_default_route": false,
            "enable_skip_public_route_table_update": false,
            "enable_spot_instance": null,
            "enable_vpc_dns_server": false,
            "fault_domain": null,
            "filtered_spoke_vpc_routes": "",
            "gw_name": "azure-spoke1",
            "gw_size": "Standard_D5_v2",
            "ha_availability_domain": null,
            "ha_azure_eip_name_resource_group": null,
            "ha_cloud_instance_id": "av-gw-azure-spoke1-hagw",
            "ha_eip": "20.103.243.191",
            "ha_fault_domain": null,
            "ha_gw_name": "azure-spoke1-hagw",
            "ha_gw_size": "Standard_D5_v2",
            "ha_image_version": "aviatrix-companion-gateway-v10",
            "ha_insane_mode_az": "",
            "ha_oob_availability_zone": null,
            "ha_oob_management_subnet": null,
            "ha_private_ip": "10.100.2.196",
            "ha_private_mode_subnet_zone": "",
            "ha_public_ip": "20.103.243.191",
            "ha_security_group_id": "",
            "ha_software_version": "6.7.1319",
            "ha_subnet": "10.100.2.192/26",
            "ha_zone": "az-2",
            "id": "azure-spoke1",
            "image_version": "aviatrix-companion-gateway-v10",
            "included_advertised_spoke_routes": "",
            "insane_mode": true,
            "insane_mode_az": "",
            "learned_cidrs_approval_mode": "gateway",
            "local_as_number": "",
            "manage_transit_gateway_attachment": false,
            "monitor_exclude_list": [],
            "oob_availability_zone": null,
            "oob_management_subnet": null,
            "prepend_as_path": [],
            "private_ip": "10.100.2.132",
            "private_mode_lb_vpc_id": "",
            "private_mode_subnet_zone": "",
            "public_ip": "20.31.159.199",
            "rx_queue_size": "",
            "security_group_id": "",
            "single_az_ha": true,
            "single_ip_snat": false,
            "software_version": "6.7.1319",
            "spoke_bgp_manual_advertise_cidrs": [],
            "spot_price": null,
            "subnet": "10.100.2.128/26",
            "tag_list": null,
            "tags": {},
            "transit_gw": null,
            "tunnel_detection_time": 60,
            "vpc_id": "azure-spoke1:rg-av-azure-spoke1-717829:849559ba-8a9d-49cd-be73-79d4670934ba",
            "vpc_reg": "West Europe",
            "zone": "az-1"
          },
          "sensitive_attributes": [],
          "private": "eyJzY2hlbWFfdmVyc2lvbiI6IjEifQ==",
          "dependencies": [
            "module.azure_spoke1.aviatrix_vpc.default"
          ]
        }
      ]
    },
    {
      "module": "module.azure_spoke1",
      "mode": "managed",
      "type": "aviatrix_spoke_transit_attachment",
      "name": "default",
      "provider": "provider[\"registry.terraform.io/aviatrixsystems/aviatrix\"]",
      "instances": [
        {
          "index_key": 0,
          "schema_version": 0,
          "attributes": {
            "enable_max_performance": true,
            "id": "azure-spoke1~azuretransit",
            "route_tables": null,
            "spoke_bgp_enabled": false,
            "spoke_gw_name": "azure-spoke1",
            "spoke_prepend_as_path": [],
            "transit_gw_name": "azuretransit",
            "transit_prepend_as_path": []
          },
          "sensitive_attributes": [],
          "private": "bnVsbA==",
          "dependencies": [
            "module.azure_spoke1.aviatrix_spoke_gateway.default",
            "module.azure_spoke1.aviatrix_vpc.default",
            "module.azure_transit.aviatrix_transit_gateway.default",
            "module.azure_transit.aviatrix_vpc.default",
            "module.azure_transit.aviatrix_vpc.lan_vpc"
          ]
        }
      ]
    },
    {
      "module": "module.azure_spoke1",
      "mode": "managed",
      "type": "aviatrix_vpc",
      "name": "default",
      "provider": "provider[\"registry.terraform.io/aviatrixsystems/aviatrix\"]",
      "instances": [
        {
          "index_key": 0,
          "schema_version": 1,
          "attributes": {
            "account_name": "azure-sub-1",
            "availability_domains": [],
            "aviatrix_firenet_vpc": false,
            "aviatrix_transit_vpc": false,
            "azure_vnet_resource_id": "/subscriptions/a7acba80-b5bc-4094-9cf7-f2f0a882c686/resourceGroups/rg-av-azure-spoke1-717829/providers/Microsoft.Network/virtualNetworks/azure-spoke1",
            "cidr": "10.100.2.0/24",
            "cloud_type": 8,
            "enable_native_gwlb": false,
            "enable_private_oob_subnet": false,
            "fault_domains": [],
            "id": "azure-spoke1",
            "name": "azure-spoke1",
            "num_of_subnet_pairs": 2,
            "private_mode_subnets": false,
            "private_subnets": [
              {
                "cidr": "10.100.2.32/28",
                "name": "azure-spoke1-Private-subnet-1",
                "subnet_id": "/subscriptions/a7acba80-b5bc-4094-9cf7-f2f0a882c686/resourceGroups/rg-av-azure-spoke1-717829/providers/Microsoft.Network/virtualNetworks/azure-spoke1/subnets/azure-spoke1-Private-subnet-1"
              },
              {
                "cidr": "10.100.2.64/28",
                "name": "azure-spoke1-Private-subnet-2",
                "subnet_id": "/subscriptions/a7acba80-b5bc-4094-9cf7-f2f0a882c686/resourceGroups/rg-av-azure-spoke1-717829/providers/Microsoft.Network/virtualNetworks/azure-spoke1/subnets/azure-spoke1-Private-subnet-2"
              }
            ],
            "public_subnets": [
              {
                "cidr": "10.100.2.0/28",
                "name": "azure-spoke1-Public-gateway-subnet-1",
                "subnet_id": "/subscriptions/a7acba80-b5bc-4094-9cf7-f2f0a882c686/resourceGroups/rg-av-azure-spoke1-717829/providers/Microsoft.Network/virtualNetworks/azure-spoke1/subnets/azure-spoke1-Public-gateway-subnet-1"
              },
              {
                "cidr": "10.100.2.16/28",
                "name": "azure-spoke1-Public-subnet-1",
                "subnet_id": "/subscriptions/a7acba80-b5bc-4094-9cf7-f2f0a882c686/resourceGroups/rg-av-azure-spoke1-717829/providers/Microsoft.Network/virtualNetworks/azure-spoke1/subnets/azure-spoke1-Public-subnet-1"
              },
              {
                "cidr": "10.100.2.48/28",
                "name": "azure-spoke1-Public-subnet-2",
                "subnet_id": "/subscriptions/a7acba80-b5bc-4094-9cf7-f2f0a882c686/resourceGroups/rg-av-azure-spoke1-717829/providers/Microsoft.Network/virtualNetworks/azure-spoke1/subnets/azure-spoke1-Public-subnet-2"
              }
            ],
            "region": "West Europe",
            "resource_group": "rg-av-azure-spoke1-717829",
            "route_tables": [
              "azure-spoke1-Private-subnet-1-rtb:rg-av-azure-spoke1-717829",
              "azure-spoke1---10-50-0-14-public:rg-av-azure-spoke1-717829",
              "azure-spoke1-Public-subnet-1-rtb:rg-av-azure-spoke1-717829",
              "azure-spoke1---10-50-0-14-gw-public:rg-av-azure-spoke1-717829",
              "azure-spoke1-Public-subnet-2-rtb:rg-av-azure-spoke1-717829",
              "azure-spoke1-Private-subnet-2-rtb:rg-av-azure-spoke1-717829"
            ],
            "subnet_size": 28,
            "subnets": [
              {
                "cidr": "10.100.2.0/28",
                "name": "azure-spoke1-Public-gateway-subnet-1",
                "region": "",
                "subnet_id": "/subscriptions/a7acba80-b5bc-4094-9cf7-f2f0a882c686/resourceGroups/rg-av-azure-spoke1-717829/providers/Microsoft.Network/virtualNetworks/azure-spoke1/subnets/azure-spoke1-Public-gateway-subnet-1"
              },
              {
                "cidr": "10.100.2.16/28",
                "name": "azure-spoke1-Public-subnet-1",
                "region": "",
                "subnet_id": "/subscriptions/a7acba80-b5bc-4094-9cf7-f2f0a882c686/resourceGroups/rg-av-azure-spoke1-717829/providers/Microsoft.Network/virtualNetworks/azure-spoke1/subnets/azure-spoke1-Public-subnet-1"
              },
              {
                "cidr": "10.100.2.48/28",
                "name": "azure-spoke1-Public-subnet-2",
                "region": "",
                "subnet_id": "/subscriptions/a7acba80-b5bc-4094-9cf7-f2f0a882c686/resourceGroups/rg-av-azure-spoke1-717829/providers/Microsoft.Network/virtualNetworks/azure-spoke1/subnets/azure-spoke1-Public-subnet-2"
              },
              {
                "cidr": "10.100.2.32/28",
                "name": "azure-spoke1-Private-subnet-1",
                "region": "",
                "subnet_id": "/subscriptions/a7acba80-b5bc-4094-9cf7-f2f0a882c686/resourceGroups/rg-av-azure-spoke1-717829/providers/Microsoft.Network/virtualNetworks/azure-spoke1/subnets/azure-spoke1-Private-subnet-1"
              },
              {
                "cidr": "10.100.2.64/28",
                "name": "azure-spoke1-Private-subnet-2",
                "region": "",
                "subnet_id": "/subscriptions/a7acba80-b5bc-4094-9cf7-f2f0a882c686/resourceGroups/rg-av-azure-spoke1-717829/providers/Microsoft.Network/virtualNetworks/azure-spoke1/subnets/azure-spoke1-Private-subnet-2"
              }
            ],
            "vpc_id": "azure-spoke1:rg-av-azure-spoke1-717829:849559ba-8a9d-49cd-be73-79d4670934ba"
          },
          "sensitive_attributes": [],
          "private": "eyJzY2hlbWFfdmVyc2lvbiI6IjEifQ=="
        }
      ]
    },
    {
      "module": "module.azure_transit",
      "mode": "managed",
      "type": "aviatrix_transit_gateway",
      "name": "default",
      "provider": "provider[\"registry.terraform.io/aviatrixsystems/aviatrix\"]",
      "instances": [
        {
          "schema_version": 1,
          "attributes": {
            "account_name": "azure-sub-1",
            "allocate_new_eip": true,
            "approved_learned_cidrs": [],
            "availability_domain": null,
            "azure_eip_name_resource_group": null,
            "bgp_ecmp": false,
            "bgp_hold_time": 180,
            "bgp_lan_interfaces": [],
            "bgp_lan_interfaces_count": 1,
            "bgp_lan_ip_list": [],
            "bgp_manual_spoke_advertise_cidrs": "",
            "bgp_polling_time": "50",
            "cloud_instance_id": "av-gw-azuretransit",
            "cloud_type": 8,
            "connected_transit": true,
            "customer_managed_keys": null,
            "customized_spoke_vpc_routes": "",
            "customized_transit_vpc_routes": [],
            "eip": "20.126.249.40",
            "enable_active_standby": false,
            "enable_active_standby_preemptive": false,
            "enable_advertise_transit_cidr": false,
            "enable_bgp_over_lan": false,
            "enable_egress_transit_firenet": false,
            "enable_encrypt_volume": false,
            "enable_firenet": false,
            "enable_gateway_load_balancer": false,
            "enable_hybrid_connection": false,
            "enable_jumbo_frame": true,
            "enable_learned_cidrs_approval": false,
            "enable_monitor_gateway_subnets": false,
            "enable_multi_tier_transit": false,
            "enable_preserve_as_path": false,
            "enable_private_oob": false,
            "enable_s2c_rx_balancing": false,
            "enable_segmentation": false,
            "enable_spot_instance": null,
            "enable_transit_firenet": false,
            "enable_transit_summarize_cidr_to_tgw": false,
            "enable_vpc_dns_server": false,
            "excluded_advertised_spoke_routes": "",
            "fault_domain": null,
            "filtered_spoke_vpc_routes": "",
            "gw_name": "azuretransit",
            "gw_size": "Standard_D5_v2",
            "ha_availability_domain": null,
            "ha_azure_eip_name_resource_group": null,
            "ha_bgp_lan_interfaces": [],
            "ha_bgp_lan_ip_list": [],
            "ha_cloud_instance_id": "av-gw-azuretransit-hagw",
            "ha_eip": "20.101.12.10",
            "ha_fault_domain": null,
            "ha_gw_name": "azuretransit-hagw",
            "ha_gw_size": "Standard_D5_v2",
            "ha_image_version": "aviatrix-companion-gateway-v10",
            "ha_insane_mode_az": "",
            "ha_lan_interface_cidr": "",
            "ha_oob_availability_zone": null,
            "ha_oob_management_subnet": null,
            "ha_private_ip": "10.100.1.196",
            "ha_private_mode_subnet_zone": "",
            "ha_public_ip": "20.101.12.10",
            "ha_security_group_id": "",
            "ha_software_version": "6.7.1319",
            "ha_subnet": "10.100.1.192/26",
            "ha_zone": "az-2",
            "id": "azuretransit",
            "image_version": "aviatrix-companion-gateway-v10",
            "insane_mode": true,
            "insane_mode_az": "",
            "lan_interface_cidr": "",
            "lan_private_subnet": null,
            "lan_vpc_id": null,
            "learned_cidrs_approval_mode": "gateway",
            "local_as_number": "",
            "monitor_exclude_list": [],
            "oob_availability_zone": null,
            "oob_management_subnet": null,
            "prepend_as_path": [],
            "private_ip": "10.100.1.132",
            "private_mode_lb_vpc_id": "",
            "private_mode_subnet_zone": "",
            "public_ip": "20.126.249.40",
            "rx_queue_size": "",
            "security_group_id": "",
            "single_az_ha": true,
            "single_ip_snat": false,
            "software_version": "6.7.1319",
            "spot_price": null,
            "subnet": "10.100.1.128/26",
            "tag_list": null,
            "tags": {},
            "tunnel_detection_time": 60,
            "vpc_id": "azuretransit:rg-av-azuretransit-735930:88fd9d61-0874-4128-8e71-03e82815fddd",
            "vpc_reg": "West Europe",
            "zone": "az-1"
          },
          "sensitive_attributes": [],
          "private": "eyJzY2hlbWFfdmVyc2lvbiI6IjEifQ==",
          "dependencies": [
            "module.azure_transit.aviatrix_vpc.default",
            "module.azure_transit.aviatrix_vpc.lan_vpc"
          ]
        }
      ]
    },
    {
      "module": "module.azure_transit",
      "mode": "managed",
      "type": "aviatrix_vpc",
      "name": "default",
      "provider": "provider[\"registry.terraform.io/aviatrixsystems/aviatrix\"]",
      "instances": [
        {
          "schema_version": 1,
          "attributes": {
            "account_name": "azure-sub-1",
            "availability_domains": [],
            "aviatrix_firenet_vpc": true,
            "aviatrix_transit_vpc": false,
            "azure_vnet_resource_id": "/subscriptions/a7acba80-b5bc-4094-9cf7-f2f0a882c686/resourceGroups/rg-av-azuretransit-735930/providers/Microsoft.Network/virtualNetworks/azuretransit",
            "cidr": "10.100.0.0/23",
            "cloud_type": 8,
            "enable_native_gwlb": false,
            "enable_private_oob_subnet": false,
            "fault_domains": [],
            "id": "azuretransit",
            "name": "azuretransit",
            "num_of_subnet_pairs": null,
            "private_mode_subnets": false,
            "private_subnets": [],
            "public_subnets": [
              {
                "cidr": "10.100.0.0/28",
                "name": "azuretransit-Public-FW-ingress-egress-1",
                "subnet_id": "/subscriptions/a7acba80-b5bc-4094-9cf7-f2f0a882c686/resourceGroups/rg-av-azuretransit-735930/providers/Microsoft.Network/virtualNetworks/azuretransit/subnets/azuretransit-Public-FW-ingress-egress-1"
              },
              {
                "cidr": "10.100.0.16/28",
                "name": "azuretransit-Public-FW-ingress-egress-2",
                "subnet_id": "/subscriptions/a7acba80-b5bc-4094-9cf7-f2f0a882c686/resourceGroups/rg-av-azuretransit-735930/providers/Microsoft.Network/virtualNetworks/azuretransit/subnets/azuretransit-Public-FW-ingress-egress-2"
              },
              {
                "cidr": "10.100.0.32/28",
                "name": "azuretransit-Public-gateway-and-firewall-mgmt-1",
                "subnet_id": "/subscriptions/a7acba80-b5bc-4094-9cf7-f2f0a882c686/resourceGroups/rg-av-azuretransit-735930/providers/Microsoft.Network/virtualNetworks/azuretransit/subnets/azuretransit-Public-gateway-and-firewall-mgmt-1"
              },
              {
                "cidr": "10.100.0.48/28",
                "name": "azuretransit-Public-gateway-and-firewall-mgmt-2",
                "subnet_id": "/subscriptions/a7acba80-b5bc-4094-9cf7-f2f0a882c686/resourceGroups/rg-av-azuretransit-735930/providers/Microsoft.Network/virtualNetworks/azuretransit/subnets/azuretransit-Public-gateway-and-firewall-mgmt-2"
              }
            ],
            "region": "West Europe",
            "resource_group": "rg-av-azuretransit-735930",
            "route_tables": [
              "azuretransit---10-50-0-14-gw-public:rg-av-azuretransit-735930",
              "azuretransit---10-50-0-14-public:rg-av-azuretransit-735930"
            ],
            "subnet_size": null,
            "subnets": [
              {
                "cidr": "10.100.0.0/28",
                "name": "azuretransit-Public-FW-ingress-egress-1",
                "region": "",
                "subnet_id": "/subscriptions/a7acba80-b5bc-4094-9cf7-f2f0a882c686/resourceGroups/rg-av-azuretransit-735930/providers/Microsoft.Network/virtualNetworks/azuretransit/subnets/azuretransit-Public-FW-ingress-egress-1"
              },
              {
                "cidr": "10.100.0.16/28",
                "name": "azuretransit-Public-FW-ingress-egress-2",
                "region": "",
                "subnet_id": "/subscriptions/a7acba80-b5bc-4094-9cf7-f2f0a882c686/resourceGroups/rg-av-azuretransit-735930/providers/Microsoft.Network/virtualNetworks/azuretransit/subnets/azuretransit-Public-FW-ingress-egress-2"
              },
              {
                "cidr": "10.100.0.32/28",
                "name": "azuretransit-Public-gateway-and-firewall-mgmt-1",
                "region": "",
                "subnet_id": "/subscriptions/a7acba80-b5bc-4094-9cf7-f2f0a882c686/resourceGroups/rg-av-azuretransit-735930/providers/Microsoft.Network/virtualNetworks/azuretransit/subnets/azuretransit-Public-gateway-and-firewall-mgmt-1"
              },
              {
                "cidr": "10.100.0.48/28",
                "name": "azuretransit-Public-gateway-and-firewall-mgmt-2",
                "region": "",
                "subnet_id": "/subscriptions/a7acba80-b5bc-4094-9cf7-f2f0a882c686/resourceGroups/rg-av-azuretransit-735930/providers/Microsoft.Network/virtualNetworks/azuretransit/subnets/azuretransit-Public-gateway-and-firewall-mgmt-2"
              }
            ],
            "vpc_id": "azuretransit:rg-av-azuretransit-735930:88fd9d61-0874-4128-8e71-03e82815fddd"
          },
          "sensitive_attributes": [],
          "private": "eyJzY2hlbWFfdmVyc2lvbiI6IjEifQ=="
        }
      ]
    },
    {
      "module": "module.gcp1",
      "mode": "managed",
      "type": "google_compute_address",
      "name": "default",
      "provider": "provider[\"registry.terraform.io/hashicorp/google\"]",
      "instances": [
        {
          "index_key": 0,
          "schema_version": 0,
          "attributes": {
            "address": "34.159.217.224",
            "address_type": "EXTERNAL",
            "creation_timestamp": "2022-08-19T01:42:58.642-07:00",
            "description": "",
            "id": "projects/freyviatrix-2020/regions/europe-west3/addresses/gcp-srv1-ip",
            "name": "gcp-srv1-ip",
            "network": "",
            "network_tier": "PREMIUM",
            "prefix_length": 0,
            "project": "freyviatrix-2020",
            "purpose": "",
            "region": "europe-west3",
            "self_link": "https://www.googleapis.com/compute/v1/projects/freyviatrix-2020/regions/europe-west3/addresses/gcp-srv1-ip",
            "subnetwork": "",
            "timeouts": null,
            "users": [
              "https://www.googleapis.com/compute/v1/projects/freyviatrix-2020/zones/europe-west3-a/instances/gcp-srv1-srv"
            ]
          },
          "sensitive_attributes": [],
          "private": "eyJlMmJmYjczMC1lY2FhLTExZTYtOGY4OC0zNDM2M2JjN2M0YzAiOnsiY3JlYXRlIjoxMjAwMDAwMDAwMDAwLCJkZWxldGUiOjEyMDAwMDAwMDAwMDB9fQ=="
        }
      ]
    },
    {
      "module": "module.gcp1",
      "mode": "managed",
      "type": "google_compute_firewall",
      "name": "fw",
      "provider": "provider[\"registry.terraform.io/hashicorp/google\"]",
      "instances": [
        {
          "schema_version": 1,
          "attributes": {
            "allow": [
              {
                "ports": [],
                "protocol": "all"
              }
            ],
            "creation_timestamp": "2022-08-19T01:43:57.695-07:00",
            "deny": [],
            "description": "",
            "destination_ranges": [],
            "direction": "INGRESS",
            "disabled": false,
            "enable_logging": null,
            "id": "projects/freyviatrix-2020/global/firewalls/allow-all-gcp-srv1",
            "log_config": [],
            "name": "allow-all-gcp-srv1",
            "network": "https://www.googleapis.com/compute/v1/projects/freyviatrix-2020/global/networks/gcp-spoke1",
            "priority": 1000,
            "project": "freyviatrix-2020",
            "self_link": "https://www.googleapis.com/compute/v1/projects/freyviatrix-2020/global/firewalls/allow-all-gcp-srv1",
            "source_ranges": [
              "0.0.0.0/0"
            ],
            "source_service_accounts": [],
            "source_tags": [],
            "target_service_accounts": [],
            "target_tags": [],
            "timeouts": null
          },
          "sensitive_attributes": [],
          "private": "eyJlMmJmYjczMC1lY2FhLTExZTYtOGY4OC0zNDM2M2JjN2M0YzAiOnsiY3JlYXRlIjoxMjAwMDAwMDAwMDAwLCJkZWxldGUiOjEyMDAwMDAwMDAwMDAsInVwZGF0ZSI6MTIwMDAwMDAwMDAwMH0sInNjaGVtYV92ZXJzaW9uIjoiMSJ9",
          "dependencies": [
            "module.gcp_spoke1.aviatrix_vpc.default"
          ]
        }
      ]
    },
    {
      "module": "module.gcp1",
      "mode": "managed",
      "type": "google_compute_instance",
      "name": "instance",
      "provider": "provider[\"registry.terraform.io/hashicorp/google\"]",
      "instances": [
        {
          "schema_version": 6,
          "attributes": {
            "advanced_machine_features": [],
            "allow_stopping_for_update": null,
            "attached_disk": [],
            "boot_disk": [
              {
                "auto_delete": true,
                "device_name": "persistent-disk-0",
                "disk_encryption_key_raw": "",
                "disk_encryption_key_sha256": "",
                "initialize_params": [
                  {
                    "image": "https://www.googleapis.com/compute/v1/projects/ubuntu-os-cloud/global/images/ubuntu-1804-bionic-v20220810",
                    "labels": {},
                    "size": 10,
                    "type": "pd-standard"
                  }
                ],
                "kms_key_self_link": "",
                "mode": "READ_WRITE",
                "source": "https://www.googleapis.com/compute/v1/projects/freyviatrix-2020/zones/europe-west3-a/disks/gcp-srv1-srv"
              }
            ],
            "can_ip_forward": false,
            "confidential_instance_config": [],
            "cpu_platform": "Intel Broadwell",
            "current_status": "RUNNING",
            "deletion_protection": false,
            "description": "",
            "desired_status": null,
            "enable_display": false,
            "guest_accelerator": [],
            "hostname": "",
            "id": "projects/freyviatrix-2020/zones/europe-west3-a/instances/gcp-srv1-srv",
            "instance_id": "7023042818051601312",
            "label_fingerprint": "42WmSpB8rSM=",
            "labels": {},
            "machine_type": "n1-highcpu-8",
            "metadata": {
              "ssh-keys": "ubuntu:ssh-rsa AAAAB3NzaC1yc2EAAAADAQABAAABAQCnNDeCuEOgJjtFFzWa9fXyKj8mSdCnCVR+iOm40JYSO4/kKEOflq0VvtIcnezv1wa4Ghj3RqEcFd9857qAQfqsn5KgjwuoYG37eTthz9waKSbem6l8hilR4CncagBqMqje8EDuWFdyNPWmgM04nHJ+HRn0UoXzYikSbbQJ082XORREEpZA4Rt7ZHtIncqN5EMBPQ4lflDOR7l0pCTcGObHNPOuWje35ZQqcjryskUkgvEzx+kFxnJ5fG2cwvDkoq8JrCwXhZNmoYNvR6cAtzMo7S/v7THxCxYMgsSUWRzY1+Pi93EB/CIZp5le0gewblrzXpc8DmHd5NPi3ObPwPTh dennis@NUC"
            },
            "metadata_fingerprint": "RV2o_XN78No=",
            "metadata_startup_script": "#!/bin/bash\n\napt-get update\napt-get -y install build-essential  \napt-get -y install git\n\ngit clone https://github.com/Microsoft/ntttcp-for-linux\ncd ntttcp-for-linux/src\nmake \u0026\u0026 make install\n\nHOME=\"/home/ubuntu\"\n\necho \"#!/bin/bash\" \u003e $HOME/client1\necho \"ntttcp -s -m 15,*,int1.avxlab.de -V -L\" \u003e\u003e $HOME/client1\nchmod +x $HOME/client1\n\necho \"#!/bin/bash\" \u003e $HOME/client2\necho \"ntttcp -s -m 15,*,int5.avxlab.de -V -L\" \u003e\u003e $HOME/client2\nchmod +x $HOME/client2\n\n\necho \"#!/bin/bash\" \u003e $HOME/server\necho \"IP=$(hostname -I)\" \u003e\u003e $HOME/server\necho \"ntttcp -r -H -M -m 15,*,\\$IP -V\" \u003e\u003e $HOME/server\n\nchmod +x $HOME/server\n\nsudo hostnamectl set-hostname int3\n",
            "min_cpu_platform": "",
            "name": "gcp-srv1-srv",
            "network_interface": [
              {
                "access_config": [
                  {
                    "nat_ip": "34.159.217.224",
                    "network_tier": "PREMIUM",
                    "public_ptr_domain_name": ""
                  }
                ],
                "alias_ip_range": [],
                "ipv6_access_config": [],
                "ipv6_access_type": "",
                "name": "nic0",
                "network": "https://www.googleapis.com/compute/v1/projects/freyviatrix-2020/global/networks/gcp-spoke1",
                "network_ip": "10.50.2.3",
                "nic_type": "",
                "queue_count": 0,
                "stack_type": "IPV4_ONLY",
                "subnetwork": "https://www.googleapis.com/compute/v1/projects/freyviatrix-2020/regions/europe-west3/subnetworks/gcp-spoke1",
                "subnetwork_project": "freyviatrix-2020"
              }
            ],
            "project": "freyviatrix-2020",
            "reservation_affinity": [],
            "resource_policies": [],
            "scheduling": [
              {
                "automatic_restart": true,
                "instance_termination_action": "",
                "min_node_cpus": 0,
                "node_affinities": [],
                "on_host_maintenance": "MIGRATE",
                "preemptible": false,
                "provisioning_model": "STANDARD"
              }
            ],
            "scratch_disk": [],
            "self_link": "https://www.googleapis.com/compute/v1/projects/freyviatrix-2020/zones/europe-west3-a/instances/gcp-srv1-srv",
            "service_account": [],
            "shielded_instance_config": [
              {
                "enable_integrity_monitoring": true,
                "enable_secure_boot": false,
                "enable_vtpm": true
              }
            ],
            "tags": [
              "allow-ssh-gcp-srv1"
            ],
            "tags_fingerprint": "a-HLR681rd0=",
            "timeouts": null,
            "zone": "europe-west3-a"
          },
          "sensitive_attributes": [],
          "private": "eyJlMmJmYjczMC1lY2FhLTExZTYtOGY4OC0zNDM2M2JjN2M0YzAiOnsiY3JlYXRlIjoxMjAwMDAwMDAwMDAwLCJkZWxldGUiOjEyMDAwMDAwMDAwMDAsInVwZGF0ZSI6MTIwMDAwMDAwMDAwMH0sInNjaGVtYV92ZXJzaW9uIjoiNiJ9",
          "dependencies": [
            "module.gcp1.google_compute_address.default",
            "module.gcp_spoke1.aviatrix_vpc.default"
          ]
        }
      ]
    },
    {
      "module": "module.gcp2",
      "mode": "managed",
      "type": "google_compute_address",
      "name": "default",
      "provider": "provider[\"registry.terraform.io/hashicorp/google\"]",
      "instances": [
        {
          "index_key": 0,
          "schema_version": 0,
          "attributes": {
            "address": "34.159.128.33",
            "address_type": "EXTERNAL",
            "creation_timestamp": "2022-08-19T01:42:59.146-07:00",
            "description": "",
            "id": "projects/freyviatrix-2020/regions/europe-west3/addresses/gcp-srv2-ip",
            "name": "gcp-srv2-ip",
            "network": "",
            "network_tier": "PREMIUM",
            "prefix_length": 0,
            "project": "freyviatrix-2020",
            "purpose": "",
            "region": "europe-west3",
            "self_link": "https://www.googleapis.com/compute/v1/projects/freyviatrix-2020/regions/europe-west3/addresses/gcp-srv2-ip",
            "subnetwork": "",
            "timeouts": null,
            "users": [
              "https://www.googleapis.com/compute/v1/projects/freyviatrix-2020/zones/europe-west3-b/instances/gcp-srv2-srv"
            ]
          },
          "sensitive_attributes": [],
          "private": "eyJlMmJmYjczMC1lY2FhLTExZTYtOGY4OC0zNDM2M2JjN2M0YzAiOnsiY3JlYXRlIjoxMjAwMDAwMDAwMDAwLCJkZWxldGUiOjEyMDAwMDAwMDAwMDB9fQ=="
        }
      ]
    },
    {
      "module": "module.gcp2",
      "mode": "managed",
      "type": "google_compute_firewall",
      "name": "fw",
      "provider": "provider[\"registry.terraform.io/hashicorp/google\"]",
      "instances": [
        {
          "schema_version": 1,
          "attributes": {
            "allow": [
              {
                "ports": [],
                "protocol": "all"
              }
            ],
            "creation_timestamp": "2022-08-19T01:43:57.596-07:00",
            "deny": [],
            "description": "",
            "destination_ranges": [],
            "direction": "INGRESS",
            "disabled": false,
            "enable_logging": null,
            "id": "projects/freyviatrix-2020/global/firewalls/allow-all-gcp-srv2",
            "log_config": [],
            "name": "allow-all-gcp-srv2",
            "network": "https://www.googleapis.com/compute/v1/projects/freyviatrix-2020/global/networks/gcp-spoke1",
            "priority": 1000,
            "project": "freyviatrix-2020",
            "self_link": "https://www.googleapis.com/compute/v1/projects/freyviatrix-2020/global/firewalls/allow-all-gcp-srv2",
            "source_ranges": [
              "0.0.0.0/0"
            ],
            "source_service_accounts": [],
            "source_tags": [],
            "target_service_accounts": [],
            "target_tags": [],
            "timeouts": null
          },
          "sensitive_attributes": [],
          "private": "eyJlMmJmYjczMC1lY2FhLTExZTYtOGY4OC0zNDM2M2JjN2M0YzAiOnsiY3JlYXRlIjoxMjAwMDAwMDAwMDAwLCJkZWxldGUiOjEyMDAwMDAwMDAwMDAsInVwZGF0ZSI6MTIwMDAwMDAwMDAwMH0sInNjaGVtYV92ZXJzaW9uIjoiMSJ9",
          "dependencies": [
            "module.gcp_spoke1.aviatrix_vpc.default"
          ]
        }
      ]
    },
    {
      "module": "module.gcp2",
      "mode": "managed",
      "type": "google_compute_instance",
      "name": "instance",
      "provider": "provider[\"registry.terraform.io/hashicorp/google\"]",
      "instances": [
        {
          "schema_version": 6,
          "attributes": {
            "advanced_machine_features": [],
            "allow_stopping_for_update": null,
            "attached_disk": [],
            "boot_disk": [
              {
                "auto_delete": true,
                "device_name": "persistent-disk-0",
                "disk_encryption_key_raw": "",
                "disk_encryption_key_sha256": "",
                "initialize_params": [
                  {
                    "image": "https://www.googleapis.com/compute/v1/projects/ubuntu-os-cloud/global/images/ubuntu-1804-bionic-v20220810",
                    "labels": {},
                    "size": 10,
                    "type": "pd-standard"
                  }
                ],
                "kms_key_self_link": "",
                "mode": "READ_WRITE",
                "source": "https://www.googleapis.com/compute/v1/projects/freyviatrix-2020/zones/europe-west3-b/disks/gcp-srv2-srv"
              }
            ],
            "can_ip_forward": false,
            "confidential_instance_config": [],
            "cpu_platform": "Intel Broadwell",
            "current_status": "RUNNING",
            "deletion_protection": false,
            "description": "",
            "desired_status": null,
            "enable_display": false,
            "guest_accelerator": [],
            "hostname": "",
            "id": "projects/freyviatrix-2020/zones/europe-west3-b/instances/gcp-srv2-srv",
            "instance_id": "1692340327510373281",
            "label_fingerprint": "42WmSpB8rSM=",
            "labels": {},
            "machine_type": "n1-highcpu-8",
            "metadata": {
              "ssh-keys": "ubuntu:ssh-rsa AAAAB3NzaC1yc2EAAAADAQABAAABAQCnNDeCuEOgJjtFFzWa9fXyKj8mSdCnCVR+iOm40JYSO4/kKEOflq0VvtIcnezv1wa4Ghj3RqEcFd9857qAQfqsn5KgjwuoYG37eTthz9waKSbem6l8hilR4CncagBqMqje8EDuWFdyNPWmgM04nHJ+HRn0UoXzYikSbbQJ082XORREEpZA4Rt7ZHtIncqN5EMBPQ4lflDOR7l0pCTcGObHNPOuWje35ZQqcjryskUkgvEzx+kFxnJ5fG2cwvDkoq8JrCwXhZNmoYNvR6cAtzMo7S/v7THxCxYMgsSUWRzY1+Pi93EB/CIZp5le0gewblrzXpc8DmHd5NPi3ObPwPTh dennis@NUC"
            },
            "metadata_fingerprint": "FUZKYEjU8aA=",
            "metadata_startup_script": "#!/bin/bash\n\napt-get update\napt-get -y install build-essential  \napt-get -y install git\n\ngit clone https://github.com/Microsoft/ntttcp-for-linux\ncd ntttcp-for-linux/src\nmake \u0026\u0026 make install\n\nHOME=\"/home/ubuntu\"\n\necho \"#!/bin/bash\" \u003e $HOME/client1\necho \"ntttcp -s -m 15,*,int2.avxlab.de -V -L\" \u003e\u003e $HOME/client1\nchmod +x $HOME/client1\n\necho \"#!/bin/bash\" \u003e $HOME/client2\necho \"ntttcp -s -m 15,*,int6.avxlab.de -V -L\" \u003e\u003e $HOME/client2\nchmod +x $HOME/client2\n\n\necho \"#!/bin/bash\" \u003e $HOME/server\necho \"IP=$(hostname -I)\" \u003e\u003e $HOME/server\necho \"ntttcp -r -H -M -m 15,*,\\$IP -V\" \u003e\u003e $HOME/server\n\nchmod +x $HOME/server\n\nsudo hostnamectl set-hostname int4\n",
            "min_cpu_platform": "",
            "name": "gcp-srv2-srv",
            "network_interface": [
              {
                "access_config": [
                  {
                    "nat_ip": "34.159.128.33",
                    "network_tier": "PREMIUM",
                    "public_ptr_domain_name": ""
                  }
                ],
                "alias_ip_range": [],
                "ipv6_access_config": [],
                "ipv6_access_type": "",
                "name": "nic0",
                "network": "https://www.googleapis.com/compute/v1/projects/freyviatrix-2020/global/networks/gcp-spoke1",
                "network_ip": "10.50.2.2",
                "nic_type": "",
                "queue_count": 0,
                "stack_type": "IPV4_ONLY",
                "subnetwork": "https://www.googleapis.com/compute/v1/projects/freyviatrix-2020/regions/europe-west3/subnetworks/gcp-spoke1",
                "subnetwork_project": "freyviatrix-2020"
              }
            ],
            "project": "freyviatrix-2020",
            "reservation_affinity": [],
            "resource_policies": [],
            "scheduling": [
              {
                "automatic_restart": true,
                "instance_termination_action": "",
                "min_node_cpus": 0,
                "node_affinities": [],
                "on_host_maintenance": "MIGRATE",
                "preemptible": false,
                "provisioning_model": "STANDARD"
              }
            ],
            "scratch_disk": [],
            "self_link": "https://www.googleapis.com/compute/v1/projects/freyviatrix-2020/zones/europe-west3-b/instances/gcp-srv2-srv",
            "service_account": [],
            "shielded_instance_config": [
              {
                "enable_integrity_monitoring": true,
                "enable_secure_boot": false,
                "enable_vtpm": true
              }
            ],
            "tags": [
              "allow-ssh-gcp-srv2"
            ],
            "tags_fingerprint": "1FrES7UNsuc=",
            "timeouts": null,
            "zone": "europe-west3-b"
          },
          "sensitive_attributes": [],
          "private": "eyJlMmJmYjczMC1lY2FhLTExZTYtOGY4OC0zNDM2M2JjN2M0YzAiOnsiY3JlYXRlIjoxMjAwMDAwMDAwMDAwLCJkZWxldGUiOjEyMDAwMDAwMDAwMDAsInVwZGF0ZSI6MTIwMDAwMDAwMDAwMH0sInNjaGVtYV92ZXJzaW9uIjoiNiJ9",
          "dependencies": [
            "module.gcp2.google_compute_address.default",
            "module.gcp_spoke1.aviatrix_vpc.default"
          ]
        }
      ]
    },
    {
      "module": "module.gcp_spoke1",
      "mode": "managed",
      "type": "aviatrix_spoke_gateway",
      "name": "default",
      "provider": "provider[\"registry.terraform.io/aviatrixsystems/aviatrix\"]",
      "instances": [
        {
          "schema_version": 1,
          "attributes": {
            "account_name": "gcp-acct-1",
            "allocate_new_eip": true,
            "approved_learned_cidrs": [],
            "availability_domain": null,
            "azure_eip_name_resource_group": null,
            "bgp_ecmp": false,
            "bgp_hold_time": 180,
            "bgp_polling_time": 50,
            "cloud_instance_id": "1329209518467511150",
            "cloud_type": 4,
            "customer_managed_keys": null,
            "customized_spoke_vpc_routes": "",
            "disable_route_propagation": false,
            "eip": "35.242.208.192",
            "enable_active_standby": false,
            "enable_active_standby_preemptive": false,
            "enable_auto_advertise_s2c_cidrs": false,
            "enable_bgp": false,
            "enable_encrypt_volume": false,
            "enable_jumbo_frame": true,
            "enable_learned_cidrs_approval": false,
            "enable_monitor_gateway_subnets": false,
            "enable_preserve_as_path": false,
            "enable_private_oob": false,
            "enable_private_vpc_default_route": false,
            "enable_skip_public_route_table_update": false,
            "enable_spot_instance": null,
            "enable_vpc_dns_server": false,
            "fault_domain": null,
            "filtered_spoke_vpc_routes": "",
            "gw_name": "gcp-spoke1",
            "gw_size": "n1-highcpu-32",
            "ha_availability_domain": null,
            "ha_azure_eip_name_resource_group": null,
            "ha_cloud_instance_id": "3374325421286027427",
            "ha_eip": "34.107.50.151",
            "ha_fault_domain": null,
            "ha_gw_name": "gcp-spoke1-hagw",
            "ha_gw_size": "n1-highcpu-32",
            "ha_image_version": "gw-base-04092022",
            "ha_insane_mode_az": "",
            "ha_oob_availability_zone": null,
            "ha_oob_management_subnet": null,
            "ha_private_ip": "10.50.2.5",
            "ha_private_mode_subnet_zone": "",
            "ha_public_ip": "34.107.50.151",
            "ha_security_group_id": "",
            "ha_software_version": "6.8.1090",
            "ha_subnet": "10.50.2.0/24",
            "ha_zone": "europe-west3-c",
            "id": "gcp-spoke1",
            "image_version": "gw-base-04092022",
            "included_advertised_spoke_routes": "",
            "insane_mode": true,
            "insane_mode_az": "",
            "learned_cidrs_approval_mode": "gateway",
            "local_as_number": "",
            "manage_transit_gateway_attachment": false,
            "monitor_exclude_list": [],
            "oob_availability_zone": null,
            "oob_management_subnet": null,
            "prepend_as_path": [],
            "private_ip": "10.50.2.4",
            "private_mode_lb_vpc_id": "",
            "private_mode_subnet_zone": "",
            "public_ip": "35.242.208.192",
            "rx_queue_size": "",
            "security_group_id": "",
            "single_az_ha": true,
            "single_ip_snat": false,
            "software_version": "6.8.1090",
            "spoke_bgp_manual_advertise_cidrs": [],
            "spot_price": null,
            "subnet": "10.50.2.0/24",
            "tag_list": null,
            "tags": null,
            "transit_gw": null,
            "tunnel_detection_time": 60,
            "vpc_id": "gcp-spoke1~-~freyviatrix-2020",
            "vpc_reg": "europe-west3-b",
            "zone": null
          },
          "sensitive_attributes": [],
          "private": "eyJzY2hlbWFfdmVyc2lvbiI6IjEifQ==",
          "dependencies": [
            "module.gcp_spoke1.aviatrix_vpc.default"
          ]
        }
      ]
    },
    {
      "module": "module.gcp_spoke1",
      "mode": "managed",
      "type": "aviatrix_spoke_transit_attachment",
      "name": "default",
      "provider": "provider[\"registry.terraform.io/aviatrixsystems/aviatrix\"]",
      "instances": [
        {
          "index_key": 0,
          "schema_version": 0,
          "attributes": {
            "enable_max_performance": true,
            "id": "gcp-spoke1~gcptransit",
            "route_tables": null,
            "spoke_bgp_enabled": false,
            "spoke_gw_name": "gcp-spoke1",
            "spoke_prepend_as_path": [],
            "transit_gw_name": "gcptransit",
            "transit_prepend_as_path": []
          },
          "sensitive_attributes": [],
          "private": "bnVsbA==",
          "dependencies": [
            "module.gcp_spoke1.aviatrix_spoke_gateway.default",
            "module.gcp_spoke1.aviatrix_vpc.default",
            "module.gcp_transit.aviatrix_transit_gateway.default",
            "module.gcp_transit.aviatrix_vpc.default",
            "module.gcp_transit.aviatrix_vpc.lan_vpc"
          ]
        }
      ]
    },
    {
      "module": "module.gcp_spoke1",
      "mode": "managed",
      "type": "aviatrix_vpc",
      "name": "default",
      "provider": "provider[\"registry.terraform.io/aviatrixsystems/aviatrix\"]",
      "instances": [
        {
          "index_key": 0,
          "schema_version": 1,
          "attributes": {
            "account_name": "gcp-acct-1",
            "availability_domains": [],
            "aviatrix_firenet_vpc": false,
            "aviatrix_transit_vpc": false,
            "azure_vnet_resource_id": null,
            "cidr": null,
            "cloud_type": 4,
            "enable_native_gwlb": false,
            "enable_private_oob_subnet": false,
            "fault_domains": [],
            "id": "gcp-spoke1",
            "name": "gcp-spoke1",
            "num_of_subnet_pairs": null,
            "private_mode_subnets": false,
            "private_subnets": [],
            "public_subnets": [],
            "region": null,
            "resource_group": null,
            "route_tables": [],
            "subnet_size": null,
            "subnets": [
              {
                "cidr": "10.50.2.0/24",
                "name": "gcp-spoke1",
                "region": "europe-west3",
                "subnet_id": ""
              }
            ],
            "vpc_id": "gcp-spoke1~-~freyviatrix-2020"
          },
          "sensitive_attributes": [],
          "private": "eyJzY2hlbWFfdmVyc2lvbiI6IjEifQ=="
        }
      ]
    },
    {
      "module": "module.gcp_transit",
      "mode": "managed",
      "type": "aviatrix_transit_gateway",
      "name": "default",
      "provider": "provider[\"registry.terraform.io/aviatrixsystems/aviatrix\"]",
      "instances": [
        {
          "schema_version": 1,
          "attributes": {
            "account_name": "gcp-acct-1",
            "allocate_new_eip": true,
            "approved_learned_cidrs": [],
            "availability_domain": null,
            "azure_eip_name_resource_group": null,
            "bgp_ecmp": false,
            "bgp_hold_time": 180,
            "bgp_lan_interfaces": [],
            "bgp_lan_interfaces_count": 1,
            "bgp_lan_ip_list": [],
            "bgp_manual_spoke_advertise_cidrs": "",
            "bgp_polling_time": "50",
            "cloud_instance_id": "3059020284264903604",
            "cloud_type": 4,
            "connected_transit": true,
            "customer_managed_keys": null,
            "customized_spoke_vpc_routes": "",
            "customized_transit_vpc_routes": [],
            "eip": "35.234.71.43",
            "enable_active_standby": false,
            "enable_active_standby_preemptive": false,
            "enable_advertise_transit_cidr": false,
            "enable_bgp_over_lan": false,
            "enable_egress_transit_firenet": false,
            "enable_encrypt_volume": false,
            "enable_firenet": false,
            "enable_gateway_load_balancer": false,
            "enable_hybrid_connection": false,
            "enable_jumbo_frame": true,
            "enable_learned_cidrs_approval": false,
            "enable_monitor_gateway_subnets": false,
            "enable_multi_tier_transit": false,
            "enable_preserve_as_path": false,
            "enable_private_oob": false,
            "enable_s2c_rx_balancing": false,
            "enable_segmentation": false,
            "enable_spot_instance": null,
            "enable_transit_firenet": false,
            "enable_transit_summarize_cidr_to_tgw": false,
            "enable_vpc_dns_server": false,
            "excluded_advertised_spoke_routes": "",
            "fault_domain": null,
            "filtered_spoke_vpc_routes": "",
            "gw_name": "gcptransit",
            "gw_size": "n1-highcpu-32",
            "ha_availability_domain": null,
            "ha_azure_eip_name_resource_group": null,
            "ha_bgp_lan_interfaces": [],
            "ha_bgp_lan_ip_list": [],
            "ha_cloud_instance_id": "2316520614603714801",
            "ha_eip": "34.159.213.248",
            "ha_fault_domain": null,
            "ha_gw_name": "gcptransit-hagw",
            "ha_gw_size": "n1-highcpu-32",
            "ha_image_version": "gw-base-04092022",
            "ha_insane_mode_az": "",
            "ha_lan_interface_cidr": "",
            "ha_oob_availability_zone": null,
            "ha_oob_management_subnet": null,
            "ha_private_ip": "10.50.0.3",
            "ha_private_mode_subnet_zone": "",
            "ha_public_ip": "34.159.213.248",
            "ha_security_group_id": "",
            "ha_software_version": "6.8.1090",
            "ha_subnet": "10.50.0.0/23",
            "ha_zone": "europe-west3-c",
            "id": "gcptransit",
            "image_version": "gw-base-04092022",
            "insane_mode": true,
            "insane_mode_az": "",
            "lan_interface_cidr": "",
            "lan_private_subnet": null,
            "lan_vpc_id": null,
            "learned_cidrs_approval_mode": "gateway",
            "local_as_number": "",
            "monitor_exclude_list": [],
            "oob_availability_zone": null,
            "oob_management_subnet": null,
            "prepend_as_path": [],
            "private_ip": "10.50.0.2",
            "private_mode_lb_vpc_id": "",
            "private_mode_subnet_zone": "",
            "public_ip": "35.234.71.43",
            "rx_queue_size": "",
            "security_group_id": "",
            "single_az_ha": true,
            "single_ip_snat": false,
            "software_version": "6.8.1090",
            "spot_price": null,
            "subnet": "10.50.0.0/23",
            "tag_list": null,
            "tags": null,
            "tunnel_detection_time": 60,
            "vpc_id": "gcptransit~-~freyviatrix-2020",
            "vpc_reg": "europe-west3-b",
            "zone": null
          },
          "sensitive_attributes": [],
          "private": "eyJzY2hlbWFfdmVyc2lvbiI6IjEifQ==",
          "dependencies": [
            "module.gcp_transit.aviatrix_vpc.default",
            "module.gcp_transit.aviatrix_vpc.lan_vpc"
          ]
        }
      ]
    },
    {
      "module": "module.gcp_transit",
      "mode": "managed",
      "type": "aviatrix_vpc",
      "name": "default",
      "provider": "provider[\"registry.terraform.io/aviatrixsystems/aviatrix\"]",
      "instances": [
        {
          "schema_version": 1,
          "attributes": {
            "account_name": "gcp-acct-1",
            "availability_domains": [],
            "aviatrix_firenet_vpc": false,
            "aviatrix_transit_vpc": false,
            "azure_vnet_resource_id": null,
            "cidr": null,
            "cloud_type": 4,
            "enable_native_gwlb": false,
            "enable_private_oob_subnet": false,
            "fault_domains": [],
            "id": "gcptransit",
            "name": "gcptransit",
            "num_of_subnet_pairs": null,
            "private_mode_subnets": false,
            "private_subnets": [],
            "public_subnets": [],
            "region": null,
            "resource_group": null,
            "route_tables": [],
            "subnet_size": null,
            "subnets": [
              {
                "cidr": "10.50.0.0/23",
                "name": "gcptransit",
                "region": "europe-west3",
                "subnet_id": ""
              }
            ],
            "vpc_id": "gcptransit~-~freyviatrix-2020"
          },
          "sensitive_attributes": [],
          "private": "eyJzY2hlbWFfdmVyc2lvbiI6IjEifQ=="
        }
      ]
    },
    {
      "module": "module.spoke1",
      "mode": "managed",
      "type": "aviatrix_spoke_gateway",
      "name": "default",
      "provider": "provider[\"registry.terraform.io/aviatrixsystems/aviatrix\"]",
      "instances": [
        {
          "schema_version": 1,
          "attributes": {
            "account_name": "aws",
            "allocate_new_eip": true,
            "approved_learned_cidrs": [],
            "availability_domain": null,
            "azure_eip_name_resource_group": null,
            "bgp_ecmp": false,
            "bgp_hold_time": 180,
            "bgp_polling_time": 50,
            "cloud_instance_id": "i-0e7da7a808e133f4d",
            "cloud_type": 1,
            "customer_managed_keys": null,
            "customized_spoke_vpc_routes": "",
            "disable_route_propagation": false,
            "eip": "3.73.4.141",
            "enable_active_standby": false,
            "enable_active_standby_preemptive": false,
            "enable_auto_advertise_s2c_cidrs": false,
            "enable_bgp": false,
            "enable_encrypt_volume": false,
            "enable_jumbo_frame": true,
            "enable_learned_cidrs_approval": false,
            "enable_monitor_gateway_subnets": false,
            "enable_preserve_as_path": false,
            "enable_private_oob": false,
            "enable_private_vpc_default_route": false,
            "enable_skip_public_route_table_update": false,
            "enable_spot_instance": null,
            "enable_vpc_dns_server": false,
            "fault_domain": null,
            "filtered_spoke_vpc_routes": "",
            "gw_name": "fra-spoke1",
            "gw_size": "c5n.9xlarge",
            "ha_availability_domain": null,
            "ha_azure_eip_name_resource_group": null,
            "ha_cloud_instance_id": "i-0e26fb0e002ac5941",
            "ha_eip": "3.74.109.183",
            "ha_fault_domain": null,
            "ha_gw_name": "fra-spoke1-hagw",
            "ha_gw_size": "c5n.9xlarge",
            "ha_image_version": "hvm-cloudx-aws-071922",
            "ha_insane_mode_az": "eu-central-1b",
            "ha_oob_availability_zone": null,
            "ha_oob_management_subnet": null,
            "ha_private_ip": "10.0.2.215",
            "ha_private_mode_subnet_zone": "",
            "ha_public_ip": "3.74.109.183",
            "ha_security_group_id": "sg-02ba2eeedc6899c7f",
            "ha_software_version": "6.7.1319",
            "ha_subnet": "10.0.2.192/26",
            "ha_zone": "",
            "id": "fra-spoke1",
            "image_version": "hvm-cloudx-aws-071922",
            "included_advertised_spoke_routes": "",
            "insane_mode": true,
            "insane_mode_az": "eu-central-1a",
            "learned_cidrs_approval_mode": "gateway",
            "local_as_number": "",
            "manage_transit_gateway_attachment": false,
            "monitor_exclude_list": [],
            "oob_availability_zone": null,
            "oob_management_subnet": null,
            "prepend_as_path": [],
            "private_ip": "10.0.2.186",
            "private_mode_lb_vpc_id": "",
            "private_mode_subnet_zone": "",
            "public_ip": "3.73.4.141",
            "rx_queue_size": "",
            "security_group_id": "sg-0fcf1e4d76abd5e61",
            "single_az_ha": true,
            "single_ip_snat": false,
            "software_version": "6.7.1319",
            "spoke_bgp_manual_advertise_cidrs": [],
            "spot_price": null,
            "subnet": "10.0.2.128/26",
            "tag_list": null,
            "tags": {},
            "transit_gw": null,
            "tunnel_detection_time": 60,
            "vpc_id": "vpc-09fd49149d71578bb",
            "vpc_reg": "eu-central-1",
            "zone": null
          },
          "sensitive_attributes": [],
          "private": "eyJzY2hlbWFfdmVyc2lvbiI6IjEifQ==",
          "dependencies": [
            "module.spoke1.aviatrix_vpc.default"
          ]
        }
      ]
    },
    {
      "module": "module.spoke1",
      "mode": "managed",
      "type": "aviatrix_spoke_transit_attachment",
      "name": "default",
      "provider": "provider[\"registry.terraform.io/aviatrixsystems/aviatrix\"]",
      "instances": [
        {
          "index_key": 0,
          "schema_version": 0,
          "attributes": {
            "enable_max_performance": true,
            "id": "fra-spoke1~awstransit",
            "route_tables": null,
            "spoke_bgp_enabled": false,
            "spoke_gw_name": "fra-spoke1",
            "spoke_prepend_as_path": [],
            "transit_gw_name": "awstransit",
            "transit_prepend_as_path": []
          },
          "sensitive_attributes": [],
          "private": "bnVsbA==",
          "dependencies": [
            "module.aws_transit.aviatrix_transit_gateway.default",
            "module.aws_transit.aviatrix_vpc.default",
            "module.aws_transit.aviatrix_vpc.lan_vpc",
            "module.spoke1.aviatrix_spoke_gateway.default",
            "module.spoke1.aviatrix_vpc.default"
          ]
        }
      ]
    },
    {
      "module": "module.spoke1",
      "mode": "managed",
      "type": "aviatrix_vpc",
      "name": "default",
      "provider": "provider[\"registry.terraform.io/aviatrixsystems/aviatrix\"]",
      "instances": [
        {
          "index_key": 0,
          "schema_version": 1,
          "attributes": {
            "account_name": "aws",
            "availability_domains": [],
            "aviatrix_firenet_vpc": false,
            "aviatrix_transit_vpc": false,
            "azure_vnet_resource_id": null,
            "cidr": "10.0.2.0/24",
            "cloud_type": 1,
            "enable_native_gwlb": false,
            "enable_private_oob_subnet": false,
            "fault_domains": [],
            "id": "fra-spoke1",
            "name": "fra-spoke1",
            "num_of_subnet_pairs": 2,
            "private_mode_subnets": false,
            "private_subnets": [
              {
                "cidr": "10.0.2.0/28",
                "name": "fra-spoke1-Private-1-eu-central-1a",
                "subnet_id": "subnet-08e5913cf94704b6f"
              },
              {
                "cidr": "10.0.2.16/28",
                "name": "fra-spoke1-Private-2-eu-central-1b",
                "subnet_id": "subnet-0643ef8a0b3427040"
              }
            ],
            "public_subnets": [
              {
                "cidr": "10.0.2.32/28",
                "name": "fra-spoke1-Public-1-eu-central-1a",
                "subnet_id": "subnet-0c6fdda547a33e899"
              },
              {
                "cidr": "10.0.2.48/28",
                "name": "fra-spoke1-Public-2-eu-central-1b",
                "subnet_id": "subnet-072189018443a0804"
              }
            ],
            "region": "eu-central-1",
            "resource_group": null,
            "route_tables": [
              "rtb-01dfe5ed0a99d82d9",
              "rtb-0e4fb78f1df15f7c1",
              "rtb-073d5b70ea4d38944",
              "rtb-03076f7dab215732e",
              "rtb-000e2bf0153414233"
            ],
            "subnet_size": 28,
            "subnets": [
              {
                "cidr": "10.0.2.0/28",
                "name": "fra-spoke1-Private-1-eu-central-1a",
                "region": "",
                "subnet_id": "subnet-08e5913cf94704b6f"
              },
              {
                "cidr": "10.0.2.16/28",
                "name": "fra-spoke1-Private-2-eu-central-1b",
                "region": "",
                "subnet_id": "subnet-0643ef8a0b3427040"
              },
              {
                "cidr": "10.0.2.32/28",
                "name": "fra-spoke1-Public-1-eu-central-1a",
                "region": "",
                "subnet_id": "subnet-0c6fdda547a33e899"
              },
              {
                "cidr": "10.0.2.48/28",
                "name": "fra-spoke1-Public-2-eu-central-1b",
                "region": "",
                "subnet_id": "subnet-072189018443a0804"
              }
            ],
            "vpc_id": "vpc-09fd49149d71578bb"
          },
          "sensitive_attributes": [],
          "private": "eyJzY2hlbWFfdmVyc2lvbiI6IjEifQ=="
        }
      ]
    },
    {
      "module": "module.transit-peering",
      "mode": "managed",
      "type": "aviatrix_transit_gateway_peering",
      "name": "peering",
      "provider": "provider[\"registry.terraform.io/aviatrixsystems/aviatrix\"]",
      "instances": [
        {
          "index_key": "awstransit:azuretransit",
          "schema_version": 0,
          "attributes": {
            "enable_insane_mode_encryption_over_internet": true,
            "enable_max_performance": true,
            "enable_peering_over_private_network": false,
            "enable_single_tunnel_mode": false,
            "gateway1_excluded_network_cidrs": [],
            "gateway1_excluded_tgw_connections": null,
            "gateway2_excluded_network_cidrs": [],
            "gateway2_excluded_tgw_connections": null,
            "id": "awstransit~azuretransit",
            "prepend_as_path1": null,
            "prepend_as_path2": null,
            "transit_gateway_name1": "awstransit",
            "transit_gateway_name2": "azuretransit",
            "tunnel_count": 16
          },
          "sensitive_attributes": [],
          "private": "bnVsbA==",
          "dependencies": [
            "module.aws_transit.aviatrix_transit_gateway.default",
            "module.azure_transit.aviatrix_transit_gateway.default",
            "module.gcp_transit.aviatrix_transit_gateway.default"
          ]
        },
        {
          "index_key": "awstransit:gcptransit",
          "schema_version": 0,
          "attributes": {
            "enable_insane_mode_encryption_over_internet": true,
            "enable_max_performance": true,
            "enable_peering_over_private_network": false,
            "enable_single_tunnel_mode": false,
            "gateway1_excluded_network_cidrs": [],
            "gateway1_excluded_tgw_connections": null,
            "gateway2_excluded_network_cidrs": [],
            "gateway2_excluded_tgw_connections": null,
            "id": "awstransit~gcptransit",
            "prepend_as_path1": null,
            "prepend_as_path2": null,
            "transit_gateway_name1": "awstransit",
            "transit_gateway_name2": "gcptransit",
            "tunnel_count": 16
          },
          "sensitive_attributes": [],
          "private": "bnVsbA==",
          "dependencies": [
            "module.aws_transit.aviatrix_transit_gateway.default",
            "module.azure_transit.aviatrix_transit_gateway.default",
            "module.gcp_transit.aviatrix_transit_gateway.default"
          ]
        },
        {
          "index_key": "gcptransit:azuretransit",
          "schema_version": 0,
          "attributes": {
            "enable_insane_mode_encryption_over_internet": true,
            "enable_max_performance": true,
            "enable_peering_over_private_network": false,
            "enable_single_tunnel_mode": false,
            "gateway1_excluded_network_cidrs": [],
            "gateway1_excluded_tgw_connections": null,
            "gateway2_excluded_network_cidrs": [],
            "gateway2_excluded_tgw_connections": null,
            "id": "gcptransit~azuretransit",
            "prepend_as_path1": null,
            "prepend_as_path2": null,
            "transit_gateway_name1": "gcptransit",
            "transit_gateway_name2": "azuretransit",
            "tunnel_count": 16
          },
          "sensitive_attributes": [],
          "private": "bnVsbA==",
          "dependencies": [
            "module.aws_transit.aviatrix_transit_gateway.default",
            "module.azure_transit.aviatrix_transit_gateway.default",
            "module.gcp_transit.aviatrix_transit_gateway.default"
          ]
        }
      ]
    }
  ]
}
